// !$*UTF8*$!
{
	archiveVersion = 1;
	classes = {
	};
	objectVersion = 56;
	objects = {

/* Begin PBXBuildFile section */
		520A07A32AA8919E007BA4E4 /* Formmatter.swift in Sources */ = {isa = PBXBuildFile; fileRef = 520A07A22AA8919E007BA4E4 /* Formmatter.swift */; };
		520A07A52AA892B2007BA4E4 /* RoutineWeekButton.swift in Sources */ = {isa = PBXBuildFile; fileRef = 520A07A42AA892B2007BA4E4 /* RoutineWeekButton.swift */; };
		520A07A82AA9B020007BA4E4 /* isInternetAvailable.swift in Sources */ = {isa = PBXBuildFile; fileRef = 520A07A72AA9B020007BA4E4 /* isInternetAvailable.swift */; };
		52256C922A8FAE0400871C0B /* StartView.swift in Sources */ = {isa = PBXBuildFile; fileRef = 52256C912A8FAE0400871C0B /* StartView.swift */; };
		52256C942A8FAF2200871C0B /* StartCore.swift in Sources */ = {isa = PBXBuildFile; fileRef = 52256C932A8FAF2200871C0B /* StartCore.swift */; };
		52256C962A8FAF3400871C0B /* StartSideEffect.swift in Sources */ = {isa = PBXBuildFile; fileRef = 52256C952A8FAF3400871C0B /* StartSideEffect.swift */; };
		52256C982A8FAF4000871C0B /* StartRouteBuilder.swift in Sources */ = {isa = PBXBuildFile; fileRef = 52256C972A8FAF4000871C0B /* StartRouteBuilder.swift */; };
		52256C9A2A8FC02900871C0B /* CustomButton.swift in Sources */ = {isa = PBXBuildFile; fileRef = 52256C992A8FC02900871C0B /* CustomButton.swift */; };
		522FCAD42AB2AF28007DBC1F /* TypeExtensions.swift in Sources */ = {isa = PBXBuildFile; fileRef = 522FCAD32AB2AF28007DBC1F /* TypeExtensions.swift */; };
		522FCAD62AB2B316007DBC1F /* RoutineTargetMuscle.swift in Sources */ = {isa = PBXBuildFile; fileRef = 522FCAD52AB2B316007DBC1F /* RoutineTargetMuscle.swift */; };
		523BE9222A91CD9800519285 /* SelectDayView.swift in Sources */ = {isa = PBXBuildFile; fileRef = 523BE9212A91CD9800519285 /* SelectDayView.swift */; };
		523BE9242A91CDB300519285 /* SelectDayCore.swift in Sources */ = {isa = PBXBuildFile; fileRef = 523BE9232A91CDB300519285 /* SelectDayCore.swift */; };
		523BE9262A91CDBE00519285 /* SelectDaySideEffect.swift in Sources */ = {isa = PBXBuildFile; fileRef = 523BE9252A91CDBE00519285 /* SelectDaySideEffect.swift */; };
		523BE9282A91CDD400519285 /* SelectDayRouteBuilder.swift in Sources */ = {isa = PBXBuildFile; fileRef = 523BE9272A91CDD400519285 /* SelectDayRouteBuilder.swift */; };
		523BE92B2A923FEB00519285 /* RoutineExcersizeCell.swift in Sources */ = {isa = PBXBuildFile; fileRef = 523BE92A2A923FEB00519285 /* RoutineExcersizeCell.swift */; };
		524CEB7C2A275BA600B63DDA /* NotificationView.swift in Sources */ = {isa = PBXBuildFile; fileRef = 524CEB7B2A275BA600B63DDA /* NotificationView.swift */; };
		524CEB7F2A275BC200B63DDA /* NotificationCore.swift in Sources */ = {isa = PBXBuildFile; fileRef = 524CEB7E2A275BC200B63DDA /* NotificationCore.swift */; };
		524CEB812A275BCE00B63DDA /* NotificationSideEffect.swift in Sources */ = {isa = PBXBuildFile; fileRef = 524CEB802A275BCE00B63DDA /* NotificationSideEffect.swift */; };
		524CEB832A275BD900B63DDA /* NotificationRouteBuilder.swift in Sources */ = {isa = PBXBuildFile; fileRef = 524CEB822A275BD900B63DDA /* NotificationRouteBuilder.swift */; };
		5258D7A82AA59AB900D77C40 /* SelectTargetMuscleView.swift in Sources */ = {isa = PBXBuildFile; fileRef = 5258D7A72AA59AB900D77C40 /* SelectTargetMuscleView.swift */; };
		5258D7AC2AA59BA200D77C40 /* SelectTargetMuscleCore.swift in Sources */ = {isa = PBXBuildFile; fileRef = 5258D7AB2AA59BA200D77C40 /* SelectTargetMuscleCore.swift */; };
		5258D7AE2AA59BB100D77C40 /* SelectTargetMuscleEffect.swift in Sources */ = {isa = PBXBuildFile; fileRef = 5258D7AD2AA59BB100D77C40 /* SelectTargetMuscleEffect.swift */; };
		5258D7B02AA59BBB00D77C40 /* SelectTargetMuscleRouteBuilder.swift in Sources */ = {isa = PBXBuildFile; fileRef = 5258D7AF2AA59BBB00D77C40 /* SelectTargetMuscleRouteBuilder.swift */; };
		5258D7B22AA59BEF00D77C40 /* SetRoutineDetailView.swift in Sources */ = {isa = PBXBuildFile; fileRef = 5258D7B12AA59BEF00D77C40 /* SetRoutineDetailView.swift */; };
		5258D7B52AA7026800D77C40 /* SetRoutineDetailCore.swift in Sources */ = {isa = PBXBuildFile; fileRef = 5258D7B42AA7026800D77C40 /* SetRoutineDetailCore.swift */; };
		5258D7B72AA7029600D77C40 /* SetRoutineDetailSideEffect.swift in Sources */ = {isa = PBXBuildFile; fileRef = 5258D7B62AA7029600D77C40 /* SetRoutineDetailSideEffect.swift */; };
		5258D7B92AA702AE00D77C40 /* SetRoutineDetailRouteBuilder.swift in Sources */ = {isa = PBXBuildFile; fileRef = 5258D7B82AA702AE00D77C40 /* SetRoutineDetailRouteBuilder.swift */; };
		526593DE2A0D11CD00D9446B /* Interceptor.swift in Sources */ = {isa = PBXBuildFile; fileRef = 526593DD2A0D11CD00D9446B /* Interceptor.swift */; };
		526593EE2A0E0D1E00D9446B /* FindIdView.swift in Sources */ = {isa = PBXBuildFile; fileRef = 526593ED2A0E0D1E00D9446B /* FindIdView.swift */; };
		526593F02A0E0D6C00D9446B /* FindIdCore.swift in Sources */ = {isa = PBXBuildFile; fileRef = 526593EF2A0E0D6C00D9446B /* FindIdCore.swift */; };
		526593F22A0E0D7600D9446B /* FindIdSideEffect.swift in Sources */ = {isa = PBXBuildFile; fileRef = 526593F12A0E0D7600D9446B /* FindIdSideEffect.swift */; };
		526593F42A0E0D8100D9446B /* FindIdRouteBuilder.swift in Sources */ = {isa = PBXBuildFile; fileRef = 526593F32A0E0D8100D9446B /* FindIdRouteBuilder.swift */; };
		526593F62A0E42F300D9446B /* ColorExt.swift in Sources */ = {isa = PBXBuildFile; fileRef = 526593F52A0E42F300D9446B /* ColorExt.swift */; };
		526593FF2A0E594300D9446B /* VerificationView.swift in Sources */ = {isa = PBXBuildFile; fileRef = 526593FE2A0E594300D9446B /* VerificationView.swift */; };
		526594012A0E594900D9446B /* VerificationCore.swift in Sources */ = {isa = PBXBuildFile; fileRef = 526594002A0E594900D9446B /* VerificationCore.swift */; };
		526594032A0E595900D9446B /* VerificationSideEffect.swift in Sources */ = {isa = PBXBuildFile; fileRef = 526594022A0E595900D9446B /* VerificationSideEffect.swift */; };
		526594052A0E596200D9446B /* VerificationRouteBuilder.swift in Sources */ = {isa = PBXBuildFile; fileRef = 526594042A0E596100D9446B /* VerificationRouteBuilder.swift */; };
		526594072A0E62AE00D9446B /* Colors.swift in Sources */ = {isa = PBXBuildFile; fileRef = 526594062A0E62AE00D9446B /* Colors.swift */; };
		5265940B2A0E7AC200D9446B /* FriendView.swift in Sources */ = {isa = PBXBuildFile; fileRef = 5265940A2A0E7AC100D9446B /* FriendView.swift */; };
		5265940D2A0E7ACC00D9446B /* FriendCore.swift in Sources */ = {isa = PBXBuildFile; fileRef = 5265940C2A0E7ACC00D9446B /* FriendCore.swift */; };
		5265940F2A0E7ADA00D9446B /* FriendSideEffect.swift in Sources */ = {isa = PBXBuildFile; fileRef = 5265940E2A0E7ADA00D9446B /* FriendSideEffect.swift */; };
		526594112A0E7AE700D9446B /* FriendRouteBuilder.swift in Sources */ = {isa = PBXBuildFile; fileRef = 526594102A0E7AE700D9446B /* FriendRouteBuilder.swift */; };
		526594132A0E84EE00D9446B /* FriendCellView.swift in Sources */ = {isa = PBXBuildFile; fileRef = 526594122A0E84EE00D9446B /* FriendCellView.swift */; };
		526594192A0E8B2500D9446B /* CustomNavi.swift in Sources */ = {isa = PBXBuildFile; fileRef = 526594182A0E8B2500D9446B /* CustomNavi.swift */; };
		528D4CC32A15CEB9008A0F7A /* SettingButton.swift in Sources */ = {isa = PBXBuildFile; fileRef = 528D4CC22A15CEB8008A0F7A /* SettingButton.swift */; };
		52A3FC8E2A276BFC002B79A7 /* LoadingView.swift in Sources */ = {isa = PBXBuildFile; fileRef = 52A3FC8D2A276BFC002B79A7 /* LoadingView.swift */; };
		52C803882A0B951900417B08 /* AppMain.swift in Sources */ = {isa = PBXBuildFile; fileRef = 52C803872A0B951900417B08 /* AppMain.swift */; };
		52C8038A2A0B951900417B08 /* HomeView.swift in Sources */ = {isa = PBXBuildFile; fileRef = 52C803892A0B951900417B08 /* HomeView.swift */; };
		52C8038C2A0B951A00417B08 /* Assets.xcassets in Resources */ = {isa = PBXBuildFile; fileRef = 52C8038B2A0B951A00417B08 /* Assets.xcassets */; };
		52C803982A0B963600417B08 /* ComposableArchitecture in Frameworks */ = {isa = PBXBuildFile; productRef = 52C803972A0B963600417B08 /* ComposableArchitecture */; };
		52C8039B2A0B964400417B08 /* LinkNavigator in Frameworks */ = {isa = PBXBuildFile; productRef = 52C8039A2A0B964400417B08 /* LinkNavigator */; };
		52C8039E2A0B965000417B08 /* Alamofire in Frameworks */ = {isa = PBXBuildFile; productRef = 52C8039D2A0B965000417B08 /* Alamofire */; };
		52C803A02A0B96A200417B08 /* AppRouteBuilder.swift in Sources */ = {isa = PBXBuildFile; fileRef = 52C8039F2A0B96A200417B08 /* AppRouteBuilder.swift */; };
		52C803A22A0B96CD00417B08 /* HomeRouteBuilder.swift in Sources */ = {isa = PBXBuildFile; fileRef = 52C803A12A0B96CD00417B08 /* HomeRouteBuilder.swift */; };
		52C803A52A0B974E00417B08 /* AppSideEffect.swift in Sources */ = {isa = PBXBuildFile; fileRef = 52C803A42A0B974E00417B08 /* AppSideEffect.swift */; };
		52C803A72A0B977900417B08 /* HomeSideEffect.swift in Sources */ = {isa = PBXBuildFile; fileRef = 52C803A62A0B977900417B08 /* HomeSideEffect.swift */; };
		52C803A92A0B97CD00417B08 /* HomeCore.swift in Sources */ = {isa = PBXBuildFile; fileRef = 52C803A82A0B97CD00417B08 /* HomeCore.swift */; };
		52C803B02A0B9AAB00417B08 /* Constants.swift in Sources */ = {isa = PBXBuildFile; fileRef = 52C803AF2A0B9AAB00417B08 /* Constants.swift */; };
		52C803B22A0B9ABB00417B08 /* Response.swift in Sources */ = {isa = PBXBuildFile; fileRef = 52C803B12A0B9ABB00417B08 /* Response.swift */; };
		52C803B42A0B9ACC00417B08 /* Service.swift in Sources */ = {isa = PBXBuildFile; fileRef = 52C803B32A0B9ACC00417B08 /* Service.swift */; };
		52C803B72A0BAD1800417B08 /* UINavigationControllerExt.swift in Sources */ = {isa = PBXBuildFile; fileRef = 52C803B62A0BAD1800417B08 /* UINavigationControllerExt.swift */; };
		52C803B92A0BAD3900417B08 /* ViewExt.swift in Sources */ = {isa = PBXBuildFile; fileRef = 52C803B82A0BAD3900417B08 /* ViewExt.swift */; };
		52C803BC2A0BAE1600417B08 /* KeyboardManager.swift in Sources */ = {isa = PBXBuildFile; fileRef = 52C803BB2A0BAE1600417B08 /* KeyboardManager.swift */; };
		52C803C12A0BAE7500417B08 /* LaunchView.swift in Sources */ = {isa = PBXBuildFile; fileRef = 52C803C02A0BAE7500417B08 /* LaunchView.swift */; };
		52C803C72A0BB5A900417B08 /* SignInView.swift in Sources */ = {isa = PBXBuildFile; fileRef = 52C803C62A0BB5A900417B08 /* SignInView.swift */; };
		52C803D72A0BB73300417B08 /* SignInCore.swift in Sources */ = {isa = PBXBuildFile; fileRef = 52C803D62A0BB73300417B08 /* SignInCore.swift */; };
		52C803DA2A0BB74200417B08 /* SignInRouteBuilder.swift in Sources */ = {isa = PBXBuildFile; fileRef = 52C803D92A0BB74200417B08 /* SignInRouteBuilder.swift */; };
		52C803DC2A0BB8E200417B08 /* SignInSideEffect.swift in Sources */ = {isa = PBXBuildFile; fileRef = 52C803DB2A0BB8E200417B08 /* SignInSideEffect.swift */; };
		52C803E02A0BC8F700417B08 /* LaunchRouteBuilder.swift in Sources */ = {isa = PBXBuildFile; fileRef = 52C803DF2A0BC8F700417B08 /* LaunchRouteBuilder.swift */; };
		52C803ED2A0BD25A00417B08 /* IdView.swift in Sources */ = {isa = PBXBuildFile; fileRef = 52C803EC2A0BD25A00417B08 /* IdView.swift */; };
		52C803EF2A0BD2DC00417B08 /* IdCore.swift in Sources */ = {isa = PBXBuildFile; fileRef = 52C803EE2A0BD2DC00417B08 /* IdCore.swift */; };
		52C803F12A0BD2E700417B08 /* IdSideEffect.swift in Sources */ = {isa = PBXBuildFile; fileRef = 52C803F02A0BD2E700417B08 /* IdSideEffect.swift */; };
		52C803F32A0BD2F100417B08 /* IdRouteBuilder.swift in Sources */ = {isa = PBXBuildFile; fileRef = 52C803F22A0BD2F100417B08 /* IdRouteBuilder.swift */; };
		52C803F52A0BDB3F00417B08 /* PwView.swift in Sources */ = {isa = PBXBuildFile; fileRef = 52C803F42A0BDB3F00417B08 /* PwView.swift */; };
		52C803F72A0BDB4700417B08 /* PwCore.swift in Sources */ = {isa = PBXBuildFile; fileRef = 52C803F62A0BDB4700417B08 /* PwCore.swift */; };
		52C803F92A0BDB6C00417B08 /* PwSideEffect.swift in Sources */ = {isa = PBXBuildFile; fileRef = 52C803F82A0BDB6C00417B08 /* PwSideEffect.swift */; };
		52C803FB2A0BDB7400417B08 /* PwRouteBuilder.swift in Sources */ = {isa = PBXBuildFile; fileRef = 52C803FA2A0BDB7400417B08 /* PwRouteBuilder.swift */; };
		52C803FD2A0BE04200417B08 /* NameView.swift in Sources */ = {isa = PBXBuildFile; fileRef = 52C803FC2A0BE04100417B08 /* NameView.swift */; };
		52C803FF2A0BE09500417B08 /* NameCore.swift in Sources */ = {isa = PBXBuildFile; fileRef = 52C803FE2A0BE09500417B08 /* NameCore.swift */; };
		52C804012A0BE12300417B08 /* NameSideEffect.swift in Sources */ = {isa = PBXBuildFile; fileRef = 52C804002A0BE12300417B08 /* NameSideEffect.swift */; };
		52C804032A0BE1D600417B08 /* NameRouteBuilder.swift in Sources */ = {isa = PBXBuildFile; fileRef = 52C804022A0BE1D600417B08 /* NameRouteBuilder.swift */; };
		52C804052A0BE2A400417B08 /* EmailView.swift in Sources */ = {isa = PBXBuildFile; fileRef = 52C804042A0BE2A400417B08 /* EmailView.swift */; };
		52C804072A0BE2AD00417B08 /* EmailCore.swift in Sources */ = {isa = PBXBuildFile; fileRef = 52C804062A0BE2AD00417B08 /* EmailCore.swift */; };
		52C804092A0BE2CF00417B08 /* EmailSideEffect.swift in Sources */ = {isa = PBXBuildFile; fileRef = 52C804082A0BE2CF00417B08 /* EmailSideEffect.swift */; };
		52C8040B2A0BE2DD00417B08 /* EmailRouteBuilder.swift in Sources */ = {isa = PBXBuildFile; fileRef = 52C8040A2A0BE2DD00417B08 /* EmailRouteBuilder.swift */; };
		52C8040D2A0C771900417B08 /* TabBarView.swift in Sources */ = {isa = PBXBuildFile; fileRef = 52C8040C2A0C771900417B08 /* TabBarView.swift */; };
		52C8040F2A0C804300417B08 /* TabBarRouteBuilder.swift in Sources */ = {isa = PBXBuildFile; fileRef = 52C8040E2A0C804300417B08 /* TabBarRouteBuilder.swift */; };
		52C804122A0C86EB00417B08 /* RoutineView.swift in Sources */ = {isa = PBXBuildFile; fileRef = 52C804112A0C86EB00417B08 /* RoutineView.swift */; };
		52C804142A0C870700417B08 /* RoutineCore.swift in Sources */ = {isa = PBXBuildFile; fileRef = 52C804132A0C870700417B08 /* RoutineCore.swift */; };
		52C804162A0C871D00417B08 /* RoutineSideEffect.swift in Sources */ = {isa = PBXBuildFile; fileRef = 52C804152A0C871D00417B08 /* RoutineSideEffect.swift */; };
		52C804182A0C872900417B08 /* RoutineRouteBuilder.swift in Sources */ = {isa = PBXBuildFile; fileRef = 52C804172A0C872900417B08 /* RoutineRouteBuilder.swift */; };
		52C8041C2A0C876300417B08 /* ProfileView.swift in Sources */ = {isa = PBXBuildFile; fileRef = 52C8041B2A0C876300417B08 /* ProfileView.swift */; };
		52C8041E2A0C877300417B08 /* ProfileCore.swift in Sources */ = {isa = PBXBuildFile; fileRef = 52C8041D2A0C877300417B08 /* ProfileCore.swift */; };
		52C804202A0C877D00417B08 /* ProfileSideEffect.swift in Sources */ = {isa = PBXBuildFile; fileRef = 52C8041F2A0C877D00417B08 /* ProfileSideEffect.swift */; };
		52C804222A0C878A00417B08 /* ProfileRouteBuilder.swift in Sources */ = {isa = PBXBuildFile; fileRef = 52C804212A0C878A00417B08 /* ProfileRouteBuilder.swift */; };
		52C8042E2A0CABD200417B08 /* CachedAsyncImage in Frameworks */ = {isa = PBXBuildFile; productRef = 52C8042D2A0CABD200417B08 /* CachedAsyncImage */; };
		52C804352A0CAE1F00417B08 /* CustomTextField.swift in Sources */ = {isa = PBXBuildFile; fileRef = 52C804342A0CAE1F00417B08 /* CustomTextField.swift */; };
		52C8043A2A0CB2A200417B08 /* EditInfoView.swift in Sources */ = {isa = PBXBuildFile; fileRef = 52C804392A0CB2A200417B08 /* EditInfoView.swift */; };
		52C8043C2A0CB2BF00417B08 /* EditInfoCore.swift in Sources */ = {isa = PBXBuildFile; fileRef = 52C8043B2A0CB2BF00417B08 /* EditInfoCore.swift */; };
		52C8043E2A0CB2E000417B08 /* EditInfoSideEffect.swift in Sources */ = {isa = PBXBuildFile; fileRef = 52C8043D2A0CB2E000417B08 /* EditInfoSideEffect.swift */; };
		52C804402A0CB2ED00417B08 /* EditInfoRouteBuilder.swift in Sources */ = {isa = PBXBuildFile; fileRef = 52C8043F2A0CB2ED00417B08 /* EditInfoRouteBuilder.swift */; };
		52C804432A0CB9ED00417B08 /* EditAccountView.swift in Sources */ = {isa = PBXBuildFile; fileRef = 52C804422A0CB9ED00417B08 /* EditAccountView.swift */; };
		52C804452A0CB9F700417B08 /* EditAccountCore.swift in Sources */ = {isa = PBXBuildFile; fileRef = 52C804442A0CB9F700417B08 /* EditAccountCore.swift */; };
		52C804472A0CBA0200417B08 /* EditAccountSideEffect.swift in Sources */ = {isa = PBXBuildFile; fileRef = 52C804462A0CBA0200417B08 /* EditAccountSideEffect.swift */; };
		52C804492A0CBA0C00417B08 /* EditAccountRouteBuilder.swift in Sources */ = {isa = PBXBuildFile; fileRef = 52C804482A0CBA0C00417B08 /* EditAccountRouteBuilder.swift */; };
		52C8044C2A0CBEED00417B08 /* SettingVIew.swift in Sources */ = {isa = PBXBuildFile; fileRef = 52C8044B2A0CBEED00417B08 /* SettingVIew.swift */; };
		52C8044E2A0CBEF900417B08 /* SettingCore.swift in Sources */ = {isa = PBXBuildFile; fileRef = 52C8044D2A0CBEF900417B08 /* SettingCore.swift */; };
		52C804502A0CBF0500417B08 /* SettingSideEffect.swift in Sources */ = {isa = PBXBuildFile; fileRef = 52C8044F2A0CBF0500417B08 /* SettingSideEffect.swift */; };
		52C804522A0CBF1100417B08 /* SettingRouteBuilder.swift in Sources */ = {isa = PBXBuildFile; fileRef = 52C804512A0CBF1100417B08 /* SettingRouteBuilder.swift */; };
		52FCBE7C2AAC54A400EB6E17 /* TabBarCore.swift in Sources */ = {isa = PBXBuildFile; fileRef = 52FCBE7B2AAC54A400EB6E17 /* TabBarCore.swift */; };
		52FCBE7E2AAC54AE00EB6E17 /* TabBarSideEffect.swift in Sources */ = {isa = PBXBuildFile; fileRef = 52FCBE7D2AAC54AE00EB6E17 /* TabBarSideEffect.swift */; };
		52FCBE802AAC662300EB6E17 /* ExerciseTag.swift in Sources */ = {isa = PBXBuildFile; fileRef = 52FCBE7F2AAC662300EB6E17 /* ExerciseTag.swift */; };
		52FCBE832AACD42500EB6E17 /* InfluencerCardView.swift in Sources */ = {isa = PBXBuildFile; fileRef = 52FCBE822AACD42500EB6E17 /* InfluencerCardView.swift */; };
		52FCBE872AADAD7F00EB6E17 /* CustomNavigationBar.swift in Sources */ = {isa = PBXBuildFile; fileRef = 52FCBE862AADAD7F00EB6E17 /* CustomNavigationBar.swift */; };
		52FCBEE82AB2A41100EB6E17 /* SelectGoalView.swift in Sources */ = {isa = PBXBuildFile; fileRef = 52FCBEE72AB2A41100EB6E17 /* SelectGoalView.swift */; };
		52FCBEEA2AB2A43500EB6E17 /* SelectGoalCore.swift in Sources */ = {isa = PBXBuildFile; fileRef = 52FCBEE92AB2A43500EB6E17 /* SelectGoalCore.swift */; };
		52FCBEEC2AB2A43F00EB6E17 /* SelectGoalSideEffect.swift in Sources */ = {isa = PBXBuildFile; fileRef = 52FCBEEB2AB2A43F00EB6E17 /* SelectGoalSideEffect.swift */; };
		52FCBEEE2AB2A44A00EB6E17 /* SelectGoalRouteBuilder.swift in Sources */ = {isa = PBXBuildFile; fileRef = 52FCBEED2AB2A44A00EB6E17 /* SelectGoalRouteBuilder.swift */; };
/* End PBXBuildFile section */

/* Begin PBXFileReference section */
		520A07A22AA8919E007BA4E4 /* Formmatter.swift */ = {isa = PBXFileReference; lastKnownFileType = sourcecode.swift; path = Formmatter.swift; sourceTree = "<group>"; };
		520A07A42AA892B2007BA4E4 /* RoutineWeekButton.swift */ = {isa = PBXFileReference; lastKnownFileType = sourcecode.swift; path = RoutineWeekButton.swift; sourceTree = "<group>"; };
		520A07A72AA9B020007BA4E4 /* isInternetAvailable.swift */ = {isa = PBXFileReference; lastKnownFileType = sourcecode.swift; path = isInternetAvailable.swift; sourceTree = "<group>"; };
		52256C912A8FAE0400871C0B /* StartView.swift */ = {isa = PBXFileReference; lastKnownFileType = sourcecode.swift; path = StartView.swift; sourceTree = "<group>"; };
		52256C932A8FAF2200871C0B /* StartCore.swift */ = {isa = PBXFileReference; lastKnownFileType = sourcecode.swift; path = StartCore.swift; sourceTree = "<group>"; };
		52256C952A8FAF3400871C0B /* StartSideEffect.swift */ = {isa = PBXFileReference; lastKnownFileType = sourcecode.swift; path = StartSideEffect.swift; sourceTree = "<group>"; };
		52256C972A8FAF4000871C0B /* StartRouteBuilder.swift */ = {isa = PBXFileReference; lastKnownFileType = sourcecode.swift; path = StartRouteBuilder.swift; sourceTree = "<group>"; };
		52256C992A8FC02900871C0B /* CustomButton.swift */ = {isa = PBXFileReference; lastKnownFileType = sourcecode.swift; path = CustomButton.swift; sourceTree = "<group>"; };
		522FCAD32AB2AF28007DBC1F /* TypeExtensions.swift */ = {isa = PBXFileReference; lastKnownFileType = sourcecode.swift; path = TypeExtensions.swift; sourceTree = "<group>"; };
		522FCAD52AB2B316007DBC1F /* RoutineTargetMuscle.swift */ = {isa = PBXFileReference; lastKnownFileType = sourcecode.swift; path = RoutineTargetMuscle.swift; sourceTree = "<group>"; };
		523BE9212A91CD9800519285 /* SelectDayView.swift */ = {isa = PBXFileReference; lastKnownFileType = sourcecode.swift; path = SelectDayView.swift; sourceTree = "<group>"; };
		523BE9232A91CDB300519285 /* SelectDayCore.swift */ = {isa = PBXFileReference; lastKnownFileType = sourcecode.swift; path = SelectDayCore.swift; sourceTree = "<group>"; };
		523BE9252A91CDBE00519285 /* SelectDaySideEffect.swift */ = {isa = PBXFileReference; lastKnownFileType = sourcecode.swift; path = SelectDaySideEffect.swift; sourceTree = "<group>"; };
		523BE9272A91CDD400519285 /* SelectDayRouteBuilder.swift */ = {isa = PBXFileReference; lastKnownFileType = sourcecode.swift; path = SelectDayRouteBuilder.swift; sourceTree = "<group>"; };
		523BE92A2A923FEB00519285 /* RoutineExcersizeCell.swift */ = {isa = PBXFileReference; lastKnownFileType = sourcecode.swift; path = RoutineExcersizeCell.swift; sourceTree = "<group>"; };
		524CEB7B2A275BA600B63DDA /* NotificationView.swift */ = {isa = PBXFileReference; lastKnownFileType = sourcecode.swift; path = NotificationView.swift; sourceTree = "<group>"; };
		524CEB7E2A275BC200B63DDA /* NotificationCore.swift */ = {isa = PBXFileReference; lastKnownFileType = sourcecode.swift; path = NotificationCore.swift; sourceTree = "<group>"; };
		524CEB802A275BCE00B63DDA /* NotificationSideEffect.swift */ = {isa = PBXFileReference; lastKnownFileType = sourcecode.swift; path = NotificationSideEffect.swift; sourceTree = "<group>"; };
		524CEB822A275BD900B63DDA /* NotificationRouteBuilder.swift */ = {isa = PBXFileReference; lastKnownFileType = sourcecode.swift; path = NotificationRouteBuilder.swift; sourceTree = "<group>"; };
		5258D7A72AA59AB900D77C40 /* SelectTargetMuscleView.swift */ = {isa = PBXFileReference; lastKnownFileType = sourcecode.swift; path = SelectTargetMuscleView.swift; sourceTree = "<group>"; };
		5258D7AB2AA59BA200D77C40 /* SelectTargetMuscleCore.swift */ = {isa = PBXFileReference; lastKnownFileType = sourcecode.swift; path = SelectTargetMuscleCore.swift; sourceTree = "<group>"; };
		5258D7AD2AA59BB100D77C40 /* SelectTargetMuscleEffect.swift */ = {isa = PBXFileReference; lastKnownFileType = sourcecode.swift; path = SelectTargetMuscleEffect.swift; sourceTree = "<group>"; };
		5258D7AF2AA59BBB00D77C40 /* SelectTargetMuscleRouteBuilder.swift */ = {isa = PBXFileReference; lastKnownFileType = sourcecode.swift; path = SelectTargetMuscleRouteBuilder.swift; sourceTree = "<group>"; };
		5258D7B12AA59BEF00D77C40 /* SetRoutineDetailView.swift */ = {isa = PBXFileReference; lastKnownFileType = sourcecode.swift; path = SetRoutineDetailView.swift; sourceTree = "<group>"; };
		5258D7B42AA7026800D77C40 /* SetRoutineDetailCore.swift */ = {isa = PBXFileReference; lastKnownFileType = sourcecode.swift; path = SetRoutineDetailCore.swift; sourceTree = "<group>"; };
		5258D7B62AA7029600D77C40 /* SetRoutineDetailSideEffect.swift */ = {isa = PBXFileReference; lastKnownFileType = sourcecode.swift; path = SetRoutineDetailSideEffect.swift; sourceTree = "<group>"; };
		5258D7B82AA702AE00D77C40 /* SetRoutineDetailRouteBuilder.swift */ = {isa = PBXFileReference; lastKnownFileType = sourcecode.swift; path = SetRoutineDetailRouteBuilder.swift; sourceTree = "<group>"; };
		526593DD2A0D11CD00D9446B /* Interceptor.swift */ = {isa = PBXFileReference; lastKnownFileType = sourcecode.swift; path = Interceptor.swift; sourceTree = "<group>"; };
		526593ED2A0E0D1E00D9446B /* FindIdView.swift */ = {isa = PBXFileReference; lastKnownFileType = sourcecode.swift; path = FindIdView.swift; sourceTree = "<group>"; };
		526593EF2A0E0D6C00D9446B /* FindIdCore.swift */ = {isa = PBXFileReference; lastKnownFileType = sourcecode.swift; path = FindIdCore.swift; sourceTree = "<group>"; };
		526593F12A0E0D7600D9446B /* FindIdSideEffect.swift */ = {isa = PBXFileReference; lastKnownFileType = sourcecode.swift; path = FindIdSideEffect.swift; sourceTree = "<group>"; };
		526593F32A0E0D8100D9446B /* FindIdRouteBuilder.swift */ = {isa = PBXFileReference; lastKnownFileType = sourcecode.swift; path = FindIdRouteBuilder.swift; sourceTree = "<group>"; };
		526593F52A0E42F300D9446B /* ColorExt.swift */ = {isa = PBXFileReference; lastKnownFileType = sourcecode.swift; path = ColorExt.swift; sourceTree = "<group>"; };
		526593FE2A0E594300D9446B /* VerificationView.swift */ = {isa = PBXFileReference; lastKnownFileType = sourcecode.swift; path = VerificationView.swift; sourceTree = "<group>"; };
		526594002A0E594900D9446B /* VerificationCore.swift */ = {isa = PBXFileReference; lastKnownFileType = sourcecode.swift; path = VerificationCore.swift; sourceTree = "<group>"; };
		526594022A0E595900D9446B /* VerificationSideEffect.swift */ = {isa = PBXFileReference; lastKnownFileType = sourcecode.swift; path = VerificationSideEffect.swift; sourceTree = "<group>"; };
		526594042A0E596100D9446B /* VerificationRouteBuilder.swift */ = {isa = PBXFileReference; lastKnownFileType = sourcecode.swift; path = VerificationRouteBuilder.swift; sourceTree = "<group>"; };
		526594062A0E62AE00D9446B /* Colors.swift */ = {isa = PBXFileReference; lastKnownFileType = sourcecode.swift; path = Colors.swift; sourceTree = "<group>"; };
		5265940A2A0E7AC100D9446B /* FriendView.swift */ = {isa = PBXFileReference; lastKnownFileType = sourcecode.swift; path = FriendView.swift; sourceTree = "<group>"; };
		5265940C2A0E7ACC00D9446B /* FriendCore.swift */ = {isa = PBXFileReference; lastKnownFileType = sourcecode.swift; path = FriendCore.swift; sourceTree = "<group>"; };
		5265940E2A0E7ADA00D9446B /* FriendSideEffect.swift */ = {isa = PBXFileReference; lastKnownFileType = sourcecode.swift; path = FriendSideEffect.swift; sourceTree = "<group>"; };
		526594102A0E7AE700D9446B /* FriendRouteBuilder.swift */ = {isa = PBXFileReference; lastKnownFileType = sourcecode.swift; path = FriendRouteBuilder.swift; sourceTree = "<group>"; };
		526594122A0E84EE00D9446B /* FriendCellView.swift */ = {isa = PBXFileReference; lastKnownFileType = sourcecode.swift; path = FriendCellView.swift; sourceTree = "<group>"; };
		526594182A0E8B2500D9446B /* CustomNavi.swift */ = {isa = PBXFileReference; lastKnownFileType = sourcecode.swift; path = CustomNavi.swift; sourceTree = "<group>"; };
		528D4CC22A15CEB8008A0F7A /* SettingButton.swift */ = {isa = PBXFileReference; lastKnownFileType = sourcecode.swift; path = SettingButton.swift; sourceTree = "<group>"; };
		52A3FC8D2A276BFC002B79A7 /* LoadingView.swift */ = {isa = PBXFileReference; lastKnownFileType = sourcecode.swift; path = LoadingView.swift; sourceTree = "<group>"; };
		52C803842A0B951900417B08 /* GymPTI-V2.app */ = {isa = PBXFileReference; explicitFileType = wrapper.application; includeInIndex = 0; path = "GymPTI-V2.app"; sourceTree = BUILT_PRODUCTS_DIR; };
		52C803872A0B951900417B08 /* AppMain.swift */ = {isa = PBXFileReference; lastKnownFileType = sourcecode.swift; path = AppMain.swift; sourceTree = "<group>"; };
		52C803892A0B951900417B08 /* HomeView.swift */ = {isa = PBXFileReference; lastKnownFileType = sourcecode.swift; path = HomeView.swift; sourceTree = "<group>"; };
		52C8038B2A0B951A00417B08 /* Assets.xcassets */ = {isa = PBXFileReference; lastKnownFileType = folder.assetcatalog; path = Assets.xcassets; sourceTree = "<group>"; };
		52C803952A0B959F00417B08 /* Info.plist */ = {isa = PBXFileReference; lastKnownFileType = text.plist; path = Info.plist; sourceTree = "<group>"; };
		52C8039F2A0B96A200417B08 /* AppRouteBuilder.swift */ = {isa = PBXFileReference; lastKnownFileType = sourcecode.swift; path = AppRouteBuilder.swift; sourceTree = "<group>"; };
		52C803A12A0B96CD00417B08 /* HomeRouteBuilder.swift */ = {isa = PBXFileReference; lastKnownFileType = sourcecode.swift; path = HomeRouteBuilder.swift; sourceTree = "<group>"; };
		52C803A42A0B974E00417B08 /* AppSideEffect.swift */ = {isa = PBXFileReference; lastKnownFileType = sourcecode.swift; path = AppSideEffect.swift; sourceTree = "<group>"; };
		52C803A62A0B977900417B08 /* HomeSideEffect.swift */ = {isa = PBXFileReference; lastKnownFileType = sourcecode.swift; path = HomeSideEffect.swift; sourceTree = "<group>"; };
		52C803A82A0B97CD00417B08 /* HomeCore.swift */ = {isa = PBXFileReference; lastKnownFileType = sourcecode.swift; path = HomeCore.swift; sourceTree = "<group>"; };
		52C803AF2A0B9AAB00417B08 /* Constants.swift */ = {isa = PBXFileReference; lastKnownFileType = sourcecode.swift; path = Constants.swift; sourceTree = "<group>"; };
		52C803B12A0B9ABB00417B08 /* Response.swift */ = {isa = PBXFileReference; lastKnownFileType = sourcecode.swift; path = Response.swift; sourceTree = "<group>"; };
		52C803B32A0B9ACC00417B08 /* Service.swift */ = {isa = PBXFileReference; lastKnownFileType = sourcecode.swift; path = Service.swift; sourceTree = "<group>"; };
		52C803B62A0BAD1800417B08 /* UINavigationControllerExt.swift */ = {isa = PBXFileReference; lastKnownFileType = sourcecode.swift; path = UINavigationControllerExt.swift; sourceTree = "<group>"; };
		52C803B82A0BAD3900417B08 /* ViewExt.swift */ = {isa = PBXFileReference; lastKnownFileType = sourcecode.swift; path = ViewExt.swift; sourceTree = "<group>"; };
		52C803BB2A0BAE1600417B08 /* KeyboardManager.swift */ = {isa = PBXFileReference; lastKnownFileType = sourcecode.swift; path = KeyboardManager.swift; sourceTree = "<group>"; };
		52C803C02A0BAE7500417B08 /* LaunchView.swift */ = {isa = PBXFileReference; lastKnownFileType = sourcecode.swift; path = LaunchView.swift; sourceTree = "<group>"; };
		52C803C62A0BB5A900417B08 /* SignInView.swift */ = {isa = PBXFileReference; lastKnownFileType = sourcecode.swift; path = SignInView.swift; sourceTree = "<group>"; };
		52C803D62A0BB73300417B08 /* SignInCore.swift */ = {isa = PBXFileReference; lastKnownFileType = sourcecode.swift; path = SignInCore.swift; sourceTree = "<group>"; };
		52C803D92A0BB74200417B08 /* SignInRouteBuilder.swift */ = {isa = PBXFileReference; lastKnownFileType = sourcecode.swift; path = SignInRouteBuilder.swift; sourceTree = "<group>"; };
		52C803DB2A0BB8E200417B08 /* SignInSideEffect.swift */ = {isa = PBXFileReference; lastKnownFileType = sourcecode.swift; path = SignInSideEffect.swift; sourceTree = "<group>"; };
		52C803DF2A0BC8F700417B08 /* LaunchRouteBuilder.swift */ = {isa = PBXFileReference; lastKnownFileType = sourcecode.swift; path = LaunchRouteBuilder.swift; sourceTree = "<group>"; };
		52C803EC2A0BD25A00417B08 /* IdView.swift */ = {isa = PBXFileReference; lastKnownFileType = sourcecode.swift; path = IdView.swift; sourceTree = "<group>"; };
		52C803EE2A0BD2DC00417B08 /* IdCore.swift */ = {isa = PBXFileReference; lastKnownFileType = sourcecode.swift; path = IdCore.swift; sourceTree = "<group>"; };
		52C803F02A0BD2E700417B08 /* IdSideEffect.swift */ = {isa = PBXFileReference; lastKnownFileType = sourcecode.swift; path = IdSideEffect.swift; sourceTree = "<group>"; };
		52C803F22A0BD2F100417B08 /* IdRouteBuilder.swift */ = {isa = PBXFileReference; lastKnownFileType = sourcecode.swift; path = IdRouteBuilder.swift; sourceTree = "<group>"; };
		52C803F42A0BDB3F00417B08 /* PwView.swift */ = {isa = PBXFileReference; lastKnownFileType = sourcecode.swift; path = PwView.swift; sourceTree = "<group>"; };
		52C803F62A0BDB4700417B08 /* PwCore.swift */ = {isa = PBXFileReference; lastKnownFileType = sourcecode.swift; path = PwCore.swift; sourceTree = "<group>"; };
		52C803F82A0BDB6C00417B08 /* PwSideEffect.swift */ = {isa = PBXFileReference; lastKnownFileType = sourcecode.swift; path = PwSideEffect.swift; sourceTree = "<group>"; };
		52C803FA2A0BDB7400417B08 /* PwRouteBuilder.swift */ = {isa = PBXFileReference; lastKnownFileType = sourcecode.swift; path = PwRouteBuilder.swift; sourceTree = "<group>"; };
		52C803FC2A0BE04100417B08 /* NameView.swift */ = {isa = PBXFileReference; lastKnownFileType = sourcecode.swift; path = NameView.swift; sourceTree = "<group>"; };
		52C803FE2A0BE09500417B08 /* NameCore.swift */ = {isa = PBXFileReference; lastKnownFileType = sourcecode.swift; path = NameCore.swift; sourceTree = "<group>"; };
		52C804002A0BE12300417B08 /* NameSideEffect.swift */ = {isa = PBXFileReference; lastKnownFileType = sourcecode.swift; path = NameSideEffect.swift; sourceTree = "<group>"; };
		52C804022A0BE1D600417B08 /* NameRouteBuilder.swift */ = {isa = PBXFileReference; lastKnownFileType = sourcecode.swift; path = NameRouteBuilder.swift; sourceTree = "<group>"; };
		52C804042A0BE2A400417B08 /* EmailView.swift */ = {isa = PBXFileReference; lastKnownFileType = sourcecode.swift; path = EmailView.swift; sourceTree = "<group>"; };
		52C804062A0BE2AD00417B08 /* EmailCore.swift */ = {isa = PBXFileReference; lastKnownFileType = sourcecode.swift; path = EmailCore.swift; sourceTree = "<group>"; };
		52C804082A0BE2CF00417B08 /* EmailSideEffect.swift */ = {isa = PBXFileReference; lastKnownFileType = sourcecode.swift; path = EmailSideEffect.swift; sourceTree = "<group>"; };
		52C8040A2A0BE2DD00417B08 /* EmailRouteBuilder.swift */ = {isa = PBXFileReference; lastKnownFileType = sourcecode.swift; path = EmailRouteBuilder.swift; sourceTree = "<group>"; };
		52C8040C2A0C771900417B08 /* TabBarView.swift */ = {isa = PBXFileReference; lastKnownFileType = sourcecode.swift; path = TabBarView.swift; sourceTree = "<group>"; };
		52C8040E2A0C804300417B08 /* TabBarRouteBuilder.swift */ = {isa = PBXFileReference; lastKnownFileType = sourcecode.swift; path = TabBarRouteBuilder.swift; sourceTree = "<group>"; };
		52C804112A0C86EB00417B08 /* RoutineView.swift */ = {isa = PBXFileReference; lastKnownFileType = sourcecode.swift; path = RoutineView.swift; sourceTree = "<group>"; };
		52C804132A0C870700417B08 /* RoutineCore.swift */ = {isa = PBXFileReference; lastKnownFileType = sourcecode.swift; path = RoutineCore.swift; sourceTree = "<group>"; };
		52C804152A0C871D00417B08 /* RoutineSideEffect.swift */ = {isa = PBXFileReference; lastKnownFileType = sourcecode.swift; path = RoutineSideEffect.swift; sourceTree = "<group>"; };
		52C804172A0C872900417B08 /* RoutineRouteBuilder.swift */ = {isa = PBXFileReference; lastKnownFileType = sourcecode.swift; path = RoutineRouteBuilder.swift; sourceTree = "<group>"; };
		52C8041B2A0C876300417B08 /* ProfileView.swift */ = {isa = PBXFileReference; lastKnownFileType = sourcecode.swift; path = ProfileView.swift; sourceTree = "<group>"; };
		52C8041D2A0C877300417B08 /* ProfileCore.swift */ = {isa = PBXFileReference; lastKnownFileType = sourcecode.swift; path = ProfileCore.swift; sourceTree = "<group>"; };
		52C8041F2A0C877D00417B08 /* ProfileSideEffect.swift */ = {isa = PBXFileReference; lastKnownFileType = sourcecode.swift; path = ProfileSideEffect.swift; sourceTree = "<group>"; };
		52C804212A0C878A00417B08 /* ProfileRouteBuilder.swift */ = {isa = PBXFileReference; lastKnownFileType = sourcecode.swift; path = ProfileRouteBuilder.swift; sourceTree = "<group>"; };
		52C804342A0CAE1F00417B08 /* CustomTextField.swift */ = {isa = PBXFileReference; lastKnownFileType = sourcecode.swift; path = CustomTextField.swift; sourceTree = "<group>"; };
		52C804392A0CB2A200417B08 /* EditInfoView.swift */ = {isa = PBXFileReference; lastKnownFileType = sourcecode.swift; path = EditInfoView.swift; sourceTree = "<group>"; };
		52C8043B2A0CB2BF00417B08 /* EditInfoCore.swift */ = {isa = PBXFileReference; lastKnownFileType = sourcecode.swift; path = EditInfoCore.swift; sourceTree = "<group>"; };
		52C8043D2A0CB2E000417B08 /* EditInfoSideEffect.swift */ = {isa = PBXFileReference; lastKnownFileType = sourcecode.swift; path = EditInfoSideEffect.swift; sourceTree = "<group>"; };
		52C8043F2A0CB2ED00417B08 /* EditInfoRouteBuilder.swift */ = {isa = PBXFileReference; lastKnownFileType = sourcecode.swift; path = EditInfoRouteBuilder.swift; sourceTree = "<group>"; };
		52C804422A0CB9ED00417B08 /* EditAccountView.swift */ = {isa = PBXFileReference; lastKnownFileType = sourcecode.swift; path = EditAccountView.swift; sourceTree = "<group>"; };
		52C804442A0CB9F700417B08 /* EditAccountCore.swift */ = {isa = PBXFileReference; lastKnownFileType = sourcecode.swift; path = EditAccountCore.swift; sourceTree = "<group>"; };
		52C804462A0CBA0200417B08 /* EditAccountSideEffect.swift */ = {isa = PBXFileReference; lastKnownFileType = sourcecode.swift; path = EditAccountSideEffect.swift; sourceTree = "<group>"; };
		52C804482A0CBA0C00417B08 /* EditAccountRouteBuilder.swift */ = {isa = PBXFileReference; lastKnownFileType = sourcecode.swift; path = EditAccountRouteBuilder.swift; sourceTree = "<group>"; };
		52C8044B2A0CBEED00417B08 /* SettingVIew.swift */ = {isa = PBXFileReference; lastKnownFileType = sourcecode.swift; path = SettingVIew.swift; sourceTree = "<group>"; };
		52C8044D2A0CBEF900417B08 /* SettingCore.swift */ = {isa = PBXFileReference; lastKnownFileType = sourcecode.swift; path = SettingCore.swift; sourceTree = "<group>"; };
		52C8044F2A0CBF0500417B08 /* SettingSideEffect.swift */ = {isa = PBXFileReference; lastKnownFileType = sourcecode.swift; path = SettingSideEffect.swift; sourceTree = "<group>"; };
		52C804512A0CBF1100417B08 /* SettingRouteBuilder.swift */ = {isa = PBXFileReference; lastKnownFileType = sourcecode.swift; path = SettingRouteBuilder.swift; sourceTree = "<group>"; };
		52FCBE7B2AAC54A400EB6E17 /* TabBarCore.swift */ = {isa = PBXFileReference; lastKnownFileType = sourcecode.swift; path = TabBarCore.swift; sourceTree = "<group>"; };
		52FCBE7D2AAC54AE00EB6E17 /* TabBarSideEffect.swift */ = {isa = PBXFileReference; lastKnownFileType = sourcecode.swift; path = TabBarSideEffect.swift; sourceTree = "<group>"; };
		52FCBE7F2AAC662300EB6E17 /* ExerciseTag.swift */ = {isa = PBXFileReference; lastKnownFileType = sourcecode.swift; path = ExerciseTag.swift; sourceTree = "<group>"; };
		52FCBE822AACD42500EB6E17 /* InfluencerCardView.swift */ = {isa = PBXFileReference; lastKnownFileType = sourcecode.swift; path = InfluencerCardView.swift; sourceTree = "<group>"; };
		52FCBE862AADAD7F00EB6E17 /* CustomNavigationBar.swift */ = {isa = PBXFileReference; lastKnownFileType = sourcecode.swift; path = CustomNavigationBar.swift; sourceTree = "<group>"; };
		52FCBEE72AB2A41100EB6E17 /* SelectGoalView.swift */ = {isa = PBXFileReference; lastKnownFileType = sourcecode.swift; path = SelectGoalView.swift; sourceTree = "<group>"; };
		52FCBEE92AB2A43500EB6E17 /* SelectGoalCore.swift */ = {isa = PBXFileReference; lastKnownFileType = sourcecode.swift; path = SelectGoalCore.swift; sourceTree = "<group>"; };
		52FCBEEB2AB2A43F00EB6E17 /* SelectGoalSideEffect.swift */ = {isa = PBXFileReference; lastKnownFileType = sourcecode.swift; path = SelectGoalSideEffect.swift; sourceTree = "<group>"; };
		52FCBEED2AB2A44A00EB6E17 /* SelectGoalRouteBuilder.swift */ = {isa = PBXFileReference; lastKnownFileType = sourcecode.swift; path = SelectGoalRouteBuilder.swift; sourceTree = "<group>"; };
/* End PBXFileReference section */

/* Begin PBXFrameworksBuildPhase section */
		52C803812A0B951900417B08 /* Frameworks */ = {
			isa = PBXFrameworksBuildPhase;
			buildActionMask = 2147483647;
			files = (
				52C8039E2A0B965000417B08 /* Alamofire in Frameworks */,
				52C8042E2A0CABD200417B08 /* CachedAsyncImage in Frameworks */,
				52C8039B2A0B964400417B08 /* LinkNavigator in Frameworks */,
				52C803982A0B963600417B08 /* ComposableArchitecture in Frameworks */,
			);
			runOnlyForDeploymentPostprocessing = 0;
		};
/* End PBXFrameworksBuildPhase section */

/* Begin PBXGroup section */
		520A079D2AA8208F007BA4E4 /* SelectDay */ = {
			isa = PBXGroup;
			children = (
				523BE9212A91CD9800519285 /* SelectDayView.swift */,
				523BE9232A91CDB300519285 /* SelectDayCore.swift */,
				523BE9252A91CDBE00519285 /* SelectDaySideEffect.swift */,
				523BE9272A91CDD400519285 /* SelectDayRouteBuilder.swift */,
			);
			path = SelectDay;
			sourceTree = "<group>";
		};
		520A079E2AA858FE007BA4E4 /* AddRoutine */ = {
			isa = PBXGroup;
			children = (
				52FCBEE62AB2A3F800EB6E17 /* SelectGoal */,
				520A079D2AA8208F007BA4E4 /* SelectDay */,
				5258D7A62AA59A8100D77C40 /* SelectTargetMuscle */,
				5258D7B32AA59C4700D77C40 /* SetRoutineDetail */,
			);
			path = AddRoutine;
			sourceTree = "<group>";
		};
		520A07A62AA892CF007BA4E4 /* RoutineComponent */ = {
			isa = PBXGroup;
			children = (
				52FCBE7F2AAC662300EB6E17 /* ExerciseTag.swift */,
				523BE92A2A923FEB00519285 /* RoutineExcersizeCell.swift */,
				520A07A42AA892B2007BA4E4 /* RoutineWeekButton.swift */,
				522FCAD52AB2B316007DBC1F /* RoutineTargetMuscle.swift */,
			);
			path = RoutineComponent;
			sourceTree = "<group>";
		};
		52256C902A8FAC0600871C0B /* Start */ = {
			isa = PBXGroup;
			children = (
				52256C912A8FAE0400871C0B /* StartView.swift */,
				52256C932A8FAF2200871C0B /* StartCore.swift */,
				52256C952A8FAF3400871C0B /* StartSideEffect.swift */,
				52256C972A8FAF4000871C0B /* StartRouteBuilder.swift */,
			);
			path = Start;
			sourceTree = "<group>";
		};
		524CEB7D2A275BAB00B63DDA /* Notification */ = {
			isa = PBXGroup;
			children = (
				524CEB7B2A275BA600B63DDA /* NotificationView.swift */,
				524CEB7E2A275BC200B63DDA /* NotificationCore.swift */,
				524CEB802A275BCE00B63DDA /* NotificationSideEffect.swift */,
				524CEB822A275BD900B63DDA /* NotificationRouteBuilder.swift */,
			);
			path = Notification;
			sourceTree = "<group>";
		};
		5258D7A62AA59A8100D77C40 /* SelectTargetMuscle */ = {
			isa = PBXGroup;
			children = (
				5258D7A72AA59AB900D77C40 /* SelectTargetMuscleView.swift */,
				5258D7AB2AA59BA200D77C40 /* SelectTargetMuscleCore.swift */,
				5258D7AD2AA59BB100D77C40 /* SelectTargetMuscleEffect.swift */,
				5258D7AF2AA59BBB00D77C40 /* SelectTargetMuscleRouteBuilder.swift */,
			);
			path = SelectTargetMuscle;
			sourceTree = "<group>";
		};
		5258D7B32AA59C4700D77C40 /* SetRoutineDetail */ = {
			isa = PBXGroup;
			children = (
				5258D7B12AA59BEF00D77C40 /* SetRoutineDetailView.swift */,
				5258D7B42AA7026800D77C40 /* SetRoutineDetailCore.swift */,
				5258D7B62AA7029600D77C40 /* SetRoutineDetailSideEffect.swift */,
				5258D7B82AA702AE00D77C40 /* SetRoutineDetailRouteBuilder.swift */,
			);
			path = SetRoutineDetail;
			sourceTree = "<group>";
		};
		526593EC2A0E0D1000D9446B /* FindId */ = {
			isa = PBXGroup;
			children = (
				526593ED2A0E0D1E00D9446B /* FindIdView.swift */,
				526593EF2A0E0D6C00D9446B /* FindIdCore.swift */,
				526593F12A0E0D7600D9446B /* FindIdSideEffect.swift */,
				526593F32A0E0D8100D9446B /* FindIdRouteBuilder.swift */,
			);
			path = FindId;
			sourceTree = "<group>";
		};
		526593F92A0E53A400D9446B /* Utility */ = {
			isa = PBXGroup;
			children = (
				526594062A0E62AE00D9446B /* Colors.swift */,
				52C803BB2A0BAE1600417B08 /* KeyboardManager.swift */,
				520A07A22AA8919E007BA4E4 /* Formmatter.swift */,
				520A07A72AA9B020007BA4E4 /* isInternetAvailable.swift */,
			);
			path = Utility;
			sourceTree = "<group>";
		};
		526593FA2A0E549F00D9446B /* Extension */ = {
			isa = PBXGroup;
			children = (
				526593F52A0E42F300D9446B /* ColorExt.swift */,
				52C803B82A0BAD3900417B08 /* ViewExt.swift */,
				52C803B62A0BAD1800417B08 /* UINavigationControllerExt.swift */,
				522FCAD32AB2AF28007DBC1F /* TypeExtensions.swift */,
			);
			path = Extension;
			sourceTree = "<group>";
		};
		526593FD2A0E592A00D9446B /* Verification */ = {
			isa = PBXGroup;
			children = (
				526593FE2A0E594300D9446B /* VerificationView.swift */,
				526594002A0E594900D9446B /* VerificationCore.swift */,
				526594022A0E595900D9446B /* VerificationSideEffect.swift */,
				526594042A0E596100D9446B /* VerificationRouteBuilder.swift */,
			);
			path = Verification;
			sourceTree = "<group>";
		};
		526594082A0E7A8000D9446B /* Friend */ = {
			isa = PBXGroup;
			children = (
				5265940A2A0E7AC100D9446B /* FriendView.swift */,
				5265940C2A0E7ACC00D9446B /* FriendCore.swift */,
				5265940E2A0E7ADA00D9446B /* FriendSideEffect.swift */,
				526594102A0E7AE700D9446B /* FriendRouteBuilder.swift */,
				526594122A0E84EE00D9446B /* FriendCellView.swift */,
			);
			path = Friend;
			sourceTree = "<group>";
		};
		52C8037B2A0B951900417B08 = {
			isa = PBXGroup;
			children = (
				52C803862A0B951900417B08 /* GymPTI-V2 */,
				52C803852A0B951900417B08 /* Products */,
			);
			sourceTree = "<group>";
		};
		52C803852A0B951900417B08 /* Products */ = {
			isa = PBXGroup;
			children = (
				52C803842A0B951900417B08 /* GymPTI-V2.app */,
			);
			name = Products;
			sourceTree = "<group>";
		};
		52C803862A0B951900417B08 /* GymPTI-V2 */ = {
			isa = PBXGroup;
			children = (
				52C803952A0B959F00417B08 /* Info.plist */,
				52C803AB2A0B9A3F00417B08 /* Resources */,
				52C803AA2A0B9A2B00417B08 /* Feature */,
			);
			path = "GymPTI-V2";
			sourceTree = "<group>";
		};
		52C803A32A0B970300417B08 /* Home */ = {
			isa = PBXGroup;
			children = (
				52FCBE812AACD40200EB6E17 /* HomeComponent */,
				52C803892A0B951900417B08 /* HomeView.swift */,
				52C803A82A0B97CD00417B08 /* HomeCore.swift */,
				52C803A62A0B977900417B08 /* HomeSideEffect.swift */,
				52C803A12A0B96CD00417B08 /* HomeRouteBuilder.swift */,
			);
			path = Home;
			sourceTree = "<group>";
		};
		52C803AA2A0B9A2B00417B08 /* Feature */ = {
			isa = PBXGroup;
			children = (
				52C804312A0CAE0D00417B08 /* Component */,
				52C803BF2A0BAE6900417B08 /* Launch */,
				52C803C42A0BB58700417B08 /* Auth */,
				52C8041A2A0C874900417B08 /* TabBar */,
				52C803A32A0B970300417B08 /* Home */,
				52C804102A0C86CF00417B08 /* Routine */,
				526594082A0E7A8000D9446B /* Friend */,
				52C804192A0C873100417B08 /* Profile */,
				52C8044A2A0CBED600417B08 /* Setting */,
				524CEB7D2A275BAB00B63DDA /* Notification */,
			);
			path = Feature;
			sourceTree = "<group>";
		};
		52C803AB2A0B9A3F00417B08 /* Resources */ = {
			isa = PBXGroup;
			children = (
				52C8038B2A0B951A00417B08 /* Assets.xcassets */,
				52C803AD2A0B9A7F00417B08 /* Navigator */,
				52C803AC2A0B9A6500417B08 /* Archetecture */,
				52C803AE2A0B9A9A00417B08 /* Network */,
				526593FA2A0E549F00D9446B /* Extension */,
				526593F92A0E53A400D9446B /* Utility */,
			);
			path = Resources;
			sourceTree = "<group>";
		};
		52C803AC2A0B9A6500417B08 /* Archetecture */ = {
			isa = PBXGroup;
			children = (
				52C803A42A0B974E00417B08 /* AppSideEffect.swift */,
			);
			path = Archetecture;
			sourceTree = "<group>";
		};
		52C803AD2A0B9A7F00417B08 /* Navigator */ = {
			isa = PBXGroup;
			children = (
				52C803872A0B951900417B08 /* AppMain.swift */,
				52C8039F2A0B96A200417B08 /* AppRouteBuilder.swift */,
			);
			path = Navigator;
			sourceTree = "<group>";
		};
		52C803AE2A0B9A9A00417B08 /* Network */ = {
			isa = PBXGroup;
			children = (
				52C803AF2A0B9AAB00417B08 /* Constants.swift */,
				52C803B12A0B9ABB00417B08 /* Response.swift */,
				52C803B32A0B9ACC00417B08 /* Service.swift */,
				526593DD2A0D11CD00D9446B /* Interceptor.swift */,
			);
			path = Network;
			sourceTree = "<group>";
		};
		52C803BF2A0BAE6900417B08 /* Launch */ = {
			isa = PBXGroup;
			children = (
				52C803C02A0BAE7500417B08 /* LaunchView.swift */,
				52C803DF2A0BC8F700417B08 /* LaunchRouteBuilder.swift */,
			);
			path = Launch;
			sourceTree = "<group>";
		};
		52C803C42A0BB58700417B08 /* Auth */ = {
			isa = PBXGroup;
			children = (
				52256C902A8FAC0600871C0B /* Start */,
				52C803C52A0BB59300417B08 /* SignIn */,
				52C803E12A0BCB2000417B08 /* SignUp */,
				526593EC2A0E0D1000D9446B /* FindId */,
			);
			path = Auth;
			sourceTree = "<group>";
		};
		52C803C52A0BB59300417B08 /* SignIn */ = {
			isa = PBXGroup;
			children = (
				52C803C62A0BB5A900417B08 /* SignInView.swift */,
				52C803D62A0BB73300417B08 /* SignInCore.swift */,
				52C803DB2A0BB8E200417B08 /* SignInSideEffect.swift */,
				52C803D92A0BB74200417B08 /* SignInRouteBuilder.swift */,
			);
			path = SignIn;
			sourceTree = "<group>";
		};
		52C803E12A0BCB2000417B08 /* SignUp */ = {
			isa = PBXGroup;
			children = (
				52C803E22A0BCB3E00417B08 /* Id */,
				52C803E32A0BCB4200417B08 /* Pw */,
				52C803E42A0BCB4B00417B08 /* Name */,
				52C803E52A0BCB5400417B08 /* Email */,
				526593FD2A0E592A00D9446B /* Verification */,
			);
			path = SignUp;
			sourceTree = "<group>";
		};
		52C803E22A0BCB3E00417B08 /* Id */ = {
			isa = PBXGroup;
			children = (
				52C803EC2A0BD25A00417B08 /* IdView.swift */,
				52C803EE2A0BD2DC00417B08 /* IdCore.swift */,
				52C803F02A0BD2E700417B08 /* IdSideEffect.swift */,
				52C803F22A0BD2F100417B08 /* IdRouteBuilder.swift */,
			);
			path = Id;
			sourceTree = "<group>";
		};
		52C803E32A0BCB4200417B08 /* Pw */ = {
			isa = PBXGroup;
			children = (
				52C803F42A0BDB3F00417B08 /* PwView.swift */,
				52C803F62A0BDB4700417B08 /* PwCore.swift */,
				52C803F82A0BDB6C00417B08 /* PwSideEffect.swift */,
				52C803FA2A0BDB7400417B08 /* PwRouteBuilder.swift */,
			);
			path = Pw;
			sourceTree = "<group>";
		};
		52C803E42A0BCB4B00417B08 /* Name */ = {
			isa = PBXGroup;
			children = (
				52C803FC2A0BE04100417B08 /* NameView.swift */,
				52C803FE2A0BE09500417B08 /* NameCore.swift */,
				52C804002A0BE12300417B08 /* NameSideEffect.swift */,
				52C804022A0BE1D600417B08 /* NameRouteBuilder.swift */,
			);
			path = Name;
			sourceTree = "<group>";
		};
		52C803E52A0BCB5400417B08 /* Email */ = {
			isa = PBXGroup;
			children = (
				52C804042A0BE2A400417B08 /* EmailView.swift */,
				52C804062A0BE2AD00417B08 /* EmailCore.swift */,
				52C804082A0BE2CF00417B08 /* EmailSideEffect.swift */,
				52C8040A2A0BE2DD00417B08 /* EmailRouteBuilder.swift */,
			);
			path = Email;
			sourceTree = "<group>";
		};
		52C804102A0C86CF00417B08 /* Routine */ = {
			isa = PBXGroup;
			children = (
				520A07A62AA892CF007BA4E4 /* RoutineComponent */,
				52C804112A0C86EB00417B08 /* RoutineView.swift */,
				52C804132A0C870700417B08 /* RoutineCore.swift */,
				52C804152A0C871D00417B08 /* RoutineSideEffect.swift */,
				52C804172A0C872900417B08 /* RoutineRouteBuilder.swift */,
				520A079E2AA858FE007BA4E4 /* AddRoutine */,
			);
			path = Routine;
			sourceTree = "<group>";
		};
		52C804192A0C873100417B08 /* Profile */ = {
			isa = PBXGroup;
			children = (
				52C8041B2A0C876300417B08 /* ProfileView.swift */,
				52C8041D2A0C877300417B08 /* ProfileCore.swift */,
				52C8041F2A0C877D00417B08 /* ProfileSideEffect.swift */,
				52C804212A0C878A00417B08 /* ProfileRouteBuilder.swift */,
				52C804382A0CB21100417B08 /* EditInfo */,
			);
			path = Profile;
			sourceTree = "<group>";
		};
		52C8041A2A0C874900417B08 /* TabBar */ = {
			isa = PBXGroup;
			children = (
				52C8040C2A0C771900417B08 /* TabBarView.swift */,
				52FCBE7B2AAC54A400EB6E17 /* TabBarCore.swift */,
				52FCBE7D2AAC54AE00EB6E17 /* TabBarSideEffect.swift */,
				52C8040E2A0C804300417B08 /* TabBarRouteBuilder.swift */,
			);
			path = TabBar;
			sourceTree = "<group>";
		};
		52C804312A0CAE0D00417B08 /* Component */ = {
			isa = PBXGroup;
			children = (
				526594182A0E8B2500D9446B /* CustomNavi.swift */,
				52FCBE862AADAD7F00EB6E17 /* CustomNavigationBar.swift */,
				52C804342A0CAE1F00417B08 /* CustomTextField.swift */,
				528D4CC22A15CEB8008A0F7A /* SettingButton.swift */,
				52A3FC8D2A276BFC002B79A7 /* LoadingView.swift */,
				52256C992A8FC02900871C0B /* CustomButton.swift */,
			);
			path = Component;
			sourceTree = "<group>";
		};
		52C804382A0CB21100417B08 /* EditInfo */ = {
			isa = PBXGroup;
			children = (
				52C804392A0CB2A200417B08 /* EditInfoView.swift */,
				52C8043B2A0CB2BF00417B08 /* EditInfoCore.swift */,
				52C8043D2A0CB2E000417B08 /* EditInfoSideEffect.swift */,
				52C8043F2A0CB2ED00417B08 /* EditInfoRouteBuilder.swift */,
			);
			path = EditInfo;
			sourceTree = "<group>";
		};
		52C804412A0CB9C800417B08 /* EditAccount */ = {
			isa = PBXGroup;
			children = (
				52C804422A0CB9ED00417B08 /* EditAccountView.swift */,
				52C804442A0CB9F700417B08 /* EditAccountCore.swift */,
				52C804462A0CBA0200417B08 /* EditAccountSideEffect.swift */,
				52C804482A0CBA0C00417B08 /* EditAccountRouteBuilder.swift */,
			);
			path = EditAccount;
			sourceTree = "<group>";
		};
		52C8044A2A0CBED600417B08 /* Setting */ = {
			isa = PBXGroup;
			children = (
				52C8044B2A0CBEED00417B08 /* SettingVIew.swift */,
				52C8044D2A0CBEF900417B08 /* SettingCore.swift */,
				52C8044F2A0CBF0500417B08 /* SettingSideEffect.swift */,
				52C804512A0CBF1100417B08 /* SettingRouteBuilder.swift */,
				52C804412A0CB9C800417B08 /* EditAccount */,
			);
			path = Setting;
			sourceTree = "<group>";
		};
		52FCBE812AACD40200EB6E17 /* HomeComponent */ = {
			isa = PBXGroup;
			children = (
				52FCBE822AACD42500EB6E17 /* InfluencerCardView.swift */,
			);
			path = HomeComponent;
			sourceTree = "<group>";
		};
		52FCBEE62AB2A3F800EB6E17 /* SelectGoal */ = {
			isa = PBXGroup;
			children = (
				52FCBEE72AB2A41100EB6E17 /* SelectGoalView.swift */,
				52FCBEE92AB2A43500EB6E17 /* SelectGoalCore.swift */,
				52FCBEEB2AB2A43F00EB6E17 /* SelectGoalSideEffect.swift */,
				52FCBEED2AB2A44A00EB6E17 /* SelectGoalRouteBuilder.swift */,
			);
			path = SelectGoal;
			sourceTree = "<group>";
		};
/* End PBXGroup section */

/* Begin PBXNativeTarget section */
		52C803832A0B951900417B08 /* GymPTI-V2 */ = {
			isa = PBXNativeTarget;
			buildConfigurationList = 52C803922A0B951A00417B08 /* Build configuration list for PBXNativeTarget "GymPTI-V2" */;
			buildPhases = (
				52C803802A0B951900417B08 /* Sources */,
				52C803812A0B951900417B08 /* Frameworks */,
				52C803822A0B951900417B08 /* Resources */,
			);
			buildRules = (
			);
			dependencies = (
			);
			name = "GymPTI-V2";
			packageProductDependencies = (
				52C803972A0B963600417B08 /* ComposableArchitecture */,
				52C8039A2A0B964400417B08 /* LinkNavigator */,
				52C8039D2A0B965000417B08 /* Alamofire */,
				52C8042D2A0CABD200417B08 /* CachedAsyncImage */,
			);
			productName = "GymPTI-V2";
			productReference = 52C803842A0B951900417B08 /* GymPTI-V2.app */;
			productType = "com.apple.product-type.application";
		};
/* End PBXNativeTarget section */

/* Begin PBXProject section */
		52C8037C2A0B951900417B08 /* Project object */ = {
			isa = PBXProject;
			attributes = {
				BuildIndependentTargetsInParallel = 1;
				LastSwiftUpdateCheck = 1430;
				LastUpgradeCheck = 1430;
				TargetAttributes = {
					52C803832A0B951900417B08 = {
						CreatedOnToolsVersion = 14.3;
					};
				};
			};
			buildConfigurationList = 52C8037F2A0B951900417B08 /* Build configuration list for PBXProject "GymPTI-V2" */;
			compatibilityVersion = "Xcode 14.0";
			developmentRegion = en;
			hasScannedForEncodings = 0;
			knownRegions = (
				en,
				Base,
			);
			mainGroup = 52C8037B2A0B951900417B08;
			packageReferences = (
				52C803962A0B963600417B08 /* XCRemoteSwiftPackageReference "swift-composable-architecture" */,
				52C803992A0B964400417B08 /* XCRemoteSwiftPackageReference "LinkNavigator" */,
				52C8039C2A0B965000417B08 /* XCRemoteSwiftPackageReference "Alamofire" */,
				52C8042C2A0CABD200417B08 /* XCRemoteSwiftPackageReference "swiftui-cached-async-image" */,
			);
			productRefGroup = 52C803852A0B951900417B08 /* Products */;
			projectDirPath = "";
			projectRoot = "";
			targets = (
				52C803832A0B951900417B08 /* GymPTI-V2 */,
			);
		};
/* End PBXProject section */

/* Begin PBXResourcesBuildPhase section */
		52C803822A0B951900417B08 /* Resources */ = {
			isa = PBXResourcesBuildPhase;
			buildActionMask = 2147483647;
			files = (
				52C8038C2A0B951A00417B08 /* Assets.xcassets in Resources */,
			);
			runOnlyForDeploymentPostprocessing = 0;
		};
/* End PBXResourcesBuildPhase section */

/* Begin PBXSourcesBuildPhase section */
		52C803802A0B951900417B08 /* Sources */ = {
			isa = PBXSourcesBuildPhase;
			buildActionMask = 2147483647;
			files = (
				52FCBEEE2AB2A44A00EB6E17 /* SelectGoalRouteBuilder.swift in Sources */,
				52C803DA2A0BB74200417B08 /* SignInRouteBuilder.swift in Sources */,
				5258D7B22AA59BEF00D77C40 /* SetRoutineDetailView.swift in Sources */,
				5265940F2A0E7ADA00D9446B /* FriendSideEffect.swift in Sources */,
				52C803A92A0B97CD00417B08 /* HomeCore.swift in Sources */,
				52C804182A0C872900417B08 /* RoutineRouteBuilder.swift in Sources */,
				52C803C12A0BAE7500417B08 /* LaunchView.swift in Sources */,
				520A07A32AA8919E007BA4E4 /* Formmatter.swift in Sources */,
				52C803FD2A0BE04200417B08 /* NameView.swift in Sources */,
				52FCBE802AAC662300EB6E17 /* ExerciseTag.swift in Sources */,
				52C803EF2A0BD2DC00417B08 /* IdCore.swift in Sources */,
				52C804162A0C871D00417B08 /* RoutineSideEffect.swift in Sources */,
				5258D7B72AA7029600D77C40 /* SetRoutineDetailSideEffect.swift in Sources */,
				52C8043C2A0CB2BF00417B08 /* EditInfoCore.swift in Sources */,
				52C803A22A0B96CD00417B08 /* HomeRouteBuilder.swift in Sources */,
				528D4CC32A15CEB9008A0F7A /* SettingButton.swift in Sources */,
				52C804012A0BE12300417B08 /* NameSideEffect.swift in Sources */,
				52FCBE832AACD42500EB6E17 /* InfluencerCardView.swift in Sources */,
				52C804402A0CB2ED00417B08 /* EditInfoRouteBuilder.swift in Sources */,
				5265940D2A0E7ACC00D9446B /* FriendCore.swift in Sources */,
				52C803B72A0BAD1800417B08 /* UINavigationControllerExt.swift in Sources */,
				5258D7B02AA59BBB00D77C40 /* SelectTargetMuscleRouteBuilder.swift in Sources */,
				524CEB7F2A275BC200B63DDA /* NotificationCore.swift in Sources */,
				52C804032A0BE1D600417B08 /* NameRouteBuilder.swift in Sources */,
				522FCAD42AB2AF28007DBC1F /* TypeExtensions.swift in Sources */,
				52C803A52A0B974E00417B08 /* AppSideEffect.swift in Sources */,
				52C803B92A0BAD3900417B08 /* ViewExt.swift in Sources */,
				52C804142A0C870700417B08 /* RoutineCore.swift in Sources */,
				522FCAD62AB2B316007DBC1F /* RoutineTargetMuscle.swift in Sources */,
				52C803F92A0BDB6C00417B08 /* PwSideEffect.swift in Sources */,
				52C804222A0C878A00417B08 /* ProfileRouteBuilder.swift in Sources */,
				526593F22A0E0D7600D9446B /* FindIdSideEffect.swift in Sources */,
				52256C942A8FAF2200871C0B /* StartCore.swift in Sources */,
				52C804522A0CBF1100417B08 /* SettingRouteBuilder.swift in Sources */,
				5258D7A82AA59AB900D77C40 /* SelectTargetMuscleView.swift in Sources */,
				524CEB832A275BD900B63DDA /* NotificationRouteBuilder.swift in Sources */,
				52C804202A0C877D00417B08 /* ProfileSideEffect.swift in Sources */,
				526594012A0E594900D9446B /* VerificationCore.swift in Sources */,
				52C803B42A0B9ACC00417B08 /* Service.swift in Sources */,
				52FCBEEC2AB2A43F00EB6E17 /* SelectGoalSideEffect.swift in Sources */,
				52C803BC2A0BAE1600417B08 /* KeyboardManager.swift in Sources */,
				52C804122A0C86EB00417B08 /* RoutineView.swift in Sources */,
				52C8040D2A0C771900417B08 /* TabBarView.swift in Sources */,
				526594072A0E62AE00D9446B /* Colors.swift in Sources */,
				52FCBEE82AB2A41100EB6E17 /* SelectGoalView.swift in Sources */,
				52256C962A8FAF3400871C0B /* StartSideEffect.swift in Sources */,
				526594032A0E595900D9446B /* VerificationSideEffect.swift in Sources */,
				52C8041C2A0C876300417B08 /* ProfileView.swift in Sources */,
				52C8044E2A0CBEF900417B08 /* SettingCore.swift in Sources */,
				52FCBE872AADAD7F00EB6E17 /* CustomNavigationBar.swift in Sources */,
				52FCBE7E2AAC54AE00EB6E17 /* TabBarSideEffect.swift in Sources */,
				52C804052A0BE2A400417B08 /* EmailView.swift in Sources */,
				52C803F32A0BD2F100417B08 /* IdRouteBuilder.swift in Sources */,
				52C8040B2A0BE2DD00417B08 /* EmailRouteBuilder.swift in Sources */,
				5258D7B52AA7026800D77C40 /* SetRoutineDetailCore.swift in Sources */,
				526593F62A0E42F300D9446B /* ColorExt.swift in Sources */,
				52C803F72A0BDB4700417B08 /* PwCore.swift in Sources */,
				52C803DC2A0BB8E200417B08 /* SignInSideEffect.swift in Sources */,
				52C803A72A0B977900417B08 /* HomeSideEffect.swift in Sources */,
				526593F02A0E0D6C00D9446B /* FindIdCore.swift in Sources */,
				52C804072A0BE2AD00417B08 /* EmailCore.swift in Sources */,
				52C804352A0CAE1F00417B08 /* CustomTextField.swift in Sources */,
				5258D7AC2AA59BA200D77C40 /* SelectTargetMuscleCore.swift in Sources */,
				52C804492A0CBA0C00417B08 /* EditAccountRouteBuilder.swift in Sources */,
				52C803B22A0B9ABB00417B08 /* Response.swift in Sources */,
				526594132A0E84EE00D9446B /* FriendCellView.swift in Sources */,
				52C803F12A0BD2E700417B08 /* IdSideEffect.swift in Sources */,
				52C804452A0CB9F700417B08 /* EditAccountCore.swift in Sources */,
				52C804092A0BE2CF00417B08 /* EmailSideEffect.swift in Sources */,
				524CEB7C2A275BA600B63DDA /* NotificationView.swift in Sources */,
				52C8038A2A0B951900417B08 /* HomeView.swift in Sources */,
				526594112A0E7AE700D9446B /* FriendRouteBuilder.swift in Sources */,
				520A07A52AA892B2007BA4E4 /* RoutineWeekButton.swift in Sources */,
				52C803E02A0BC8F700417B08 /* LaunchRouteBuilder.swift in Sources */,
				523BE9282A91CDD400519285 /* SelectDayRouteBuilder.swift in Sources */,
				52C803FF2A0BE09500417B08 /* NameCore.swift in Sources */,
				523BE9262A91CDBE00519285 /* SelectDaySideEffect.swift in Sources */,
				52C8044C2A0CBEED00417B08 /* SettingVIew.swift in Sources */,
				52C803FB2A0BDB7400417B08 /* PwRouteBuilder.swift in Sources */,
				526594192A0E8B2500D9446B /* CustomNavi.swift in Sources */,
				52256C982A8FAF4000871C0B /* StartRouteBuilder.swift in Sources */,
				52FCBE7C2AAC54A400EB6E17 /* TabBarCore.swift in Sources */,
				52C804472A0CBA0200417B08 /* EditAccountSideEffect.swift in Sources */,
				52C803D72A0BB73300417B08 /* SignInCore.swift in Sources */,
				52C803882A0B951900417B08 /* AppMain.swift in Sources */,
				523BE9242A91CDB300519285 /* SelectDayCore.swift in Sources */,
				523BE92B2A923FEB00519285 /* RoutineExcersizeCell.swift in Sources */,
				5265940B2A0E7AC200D9446B /* FriendView.swift in Sources */,
				5258D7B92AA702AE00D77C40 /* SetRoutineDetailRouteBuilder.swift in Sources */,
				526593FF2A0E594300D9446B /* VerificationView.swift in Sources */,
				52C803F52A0BDB3F00417B08 /* PwView.swift in Sources */,
				5258D7AE2AA59BB100D77C40 /* SelectTargetMuscleEffect.swift in Sources */,
				52C8041E2A0C877300417B08 /* ProfileCore.swift in Sources */,
				52C8043A2A0CB2A200417B08 /* EditInfoView.swift in Sources */,
				52C803A02A0B96A200417B08 /* AppRouteBuilder.swift in Sources */,
				526593EE2A0E0D1E00D9446B /* FindIdView.swift in Sources */,
				526594052A0E596200D9446B /* VerificationRouteBuilder.swift in Sources */,
				52C804432A0CB9ED00417B08 /* EditAccountView.swift in Sources */,
				520A07A82AA9B020007BA4E4 /* isInternetAvailable.swift in Sources */,
				526593DE2A0D11CD00D9446B /* Interceptor.swift in Sources */,
				523BE9222A91CD9800519285 /* SelectDayView.swift in Sources */,
				52C803C72A0BB5A900417B08 /* SignInView.swift in Sources */,
				524CEB812A275BCE00B63DDA /* NotificationSideEffect.swift in Sources */,
				52256C922A8FAE0400871C0B /* StartView.swift in Sources */,
				52C804502A0CBF0500417B08 /* SettingSideEffect.swift in Sources */,
				526593F42A0E0D8100D9446B /* FindIdRouteBuilder.swift in Sources */,
				52FCBEEA2AB2A43500EB6E17 /* SelectGoalCore.swift in Sources */,
				52C8043E2A0CB2E000417B08 /* EditInfoSideEffect.swift in Sources */,
				52C8040F2A0C804300417B08 /* TabBarRouteBuilder.swift in Sources */,
				52256C9A2A8FC02900871C0B /* CustomButton.swift in Sources */,
				52C803ED2A0BD25A00417B08 /* IdView.swift in Sources */,
				52A3FC8E2A276BFC002B79A7 /* LoadingView.swift in Sources */,
				52C803B02A0B9AAB00417B08 /* Constants.swift in Sources */,
			);
			runOnlyForDeploymentPostprocessing = 0;
		};
/* End PBXSourcesBuildPhase section */

/* Begin XCBuildConfiguration section */
		52C803902A0B951A00417B08 /* Debug */ = {
			isa = XCBuildConfiguration;
			buildSettings = {
				ALWAYS_SEARCH_USER_PATHS = NO;
				CLANG_ANALYZER_NONNULL = YES;
				CLANG_ANALYZER_NUMBER_OBJECT_CONVERSION = YES_AGGRESSIVE;
				CLANG_CXX_LANGUAGE_STANDARD = "gnu++20";
				CLANG_ENABLE_MODULES = YES;
				CLANG_ENABLE_OBJC_ARC = YES;
				CLANG_ENABLE_OBJC_WEAK = YES;
				CLANG_WARN_BLOCK_CAPTURE_AUTORELEASING = YES;
				CLANG_WARN_BOOL_CONVERSION = YES;
				CLANG_WARN_COMMA = YES;
				CLANG_WARN_CONSTANT_CONVERSION = YES;
				CLANG_WARN_DEPRECATED_OBJC_IMPLEMENTATIONS = YES;
				CLANG_WARN_DIRECT_OBJC_ISA_USAGE = YES_ERROR;
				CLANG_WARN_DOCUMENTATION_COMMENTS = YES;
				CLANG_WARN_EMPTY_BODY = YES;
				CLANG_WARN_ENUM_CONVERSION = YES;
				CLANG_WARN_INFINITE_RECURSION = YES;
				CLANG_WARN_INT_CONVERSION = YES;
				CLANG_WARN_NON_LITERAL_NULL_CONVERSION = YES;
				CLANG_WARN_OBJC_IMPLICIT_RETAIN_SELF = YES;
				CLANG_WARN_OBJC_LITERAL_CONVERSION = YES;
				CLANG_WARN_OBJC_ROOT_CLASS = YES_ERROR;
				CLANG_WARN_QUOTED_INCLUDE_IN_FRAMEWORK_HEADER = YES;
				CLANG_WARN_RANGE_LOOP_ANALYSIS = YES;
				CLANG_WARN_STRICT_PROTOTYPES = YES;
				CLANG_WARN_SUSPICIOUS_MOVE = YES;
				CLANG_WARN_UNGUARDED_AVAILABILITY = YES_AGGRESSIVE;
				CLANG_WARN_UNREACHABLE_CODE = YES;
				CLANG_WARN__DUPLICATE_METHOD_MATCH = YES;
				COPY_PHASE_STRIP = NO;
				DEBUG_INFORMATION_FORMAT = dwarf;
				ENABLE_STRICT_OBJC_MSGSEND = YES;
				ENABLE_TESTABILITY = YES;
				GCC_C_LANGUAGE_STANDARD = gnu11;
				GCC_DYNAMIC_NO_PIC = NO;
				GCC_NO_COMMON_BLOCKS = YES;
				GCC_OPTIMIZATION_LEVEL = 0;
				GCC_PREPROCESSOR_DEFINITIONS = (
					"DEBUG=1",
					"$(inherited)",
				);
				GCC_WARN_64_TO_32_BIT_CONVERSION = YES;
				GCC_WARN_ABOUT_RETURN_TYPE = YES_ERROR;
				GCC_WARN_UNDECLARED_SELECTOR = YES;
				GCC_WARN_UNINITIALIZED_AUTOS = YES_AGGRESSIVE;
				GCC_WARN_UNUSED_FUNCTION = YES;
				GCC_WARN_UNUSED_VARIABLE = YES;
				IPHONEOS_DEPLOYMENT_TARGET = 15.0;
				MTL_ENABLE_DEBUG_INFO = INCLUDE_SOURCE;
				MTL_FAST_MATH = YES;
				ONLY_ACTIVE_ARCH = YES;
				SDKROOT = iphoneos;
				SWIFT_ACTIVE_COMPILATION_CONDITIONS = DEBUG;
				SWIFT_OPTIMIZATION_LEVEL = "-Onone";
			};
			name = Debug;
		};
		52C803912A0B951A00417B08 /* Release */ = {
			isa = XCBuildConfiguration;
			buildSettings = {
				ALWAYS_SEARCH_USER_PATHS = NO;
				CLANG_ANALYZER_NONNULL = YES;
				CLANG_ANALYZER_NUMBER_OBJECT_CONVERSION = YES_AGGRESSIVE;
				CLANG_CXX_LANGUAGE_STANDARD = "gnu++20";
				CLANG_ENABLE_MODULES = YES;
				CLANG_ENABLE_OBJC_ARC = YES;
				CLANG_ENABLE_OBJC_WEAK = YES;
				CLANG_WARN_BLOCK_CAPTURE_AUTORELEASING = YES;
				CLANG_WARN_BOOL_CONVERSION = YES;
				CLANG_WARN_COMMA = YES;
				CLANG_WARN_CONSTANT_CONVERSION = YES;
				CLANG_WARN_DEPRECATED_OBJC_IMPLEMENTATIONS = YES;
				CLANG_WARN_DIRECT_OBJC_ISA_USAGE = YES_ERROR;
				CLANG_WARN_DOCUMENTATION_COMMENTS = YES;
				CLANG_WARN_EMPTY_BODY = YES;
				CLANG_WARN_ENUM_CONVERSION = YES;
				CLANG_WARN_INFINITE_RECURSION = YES;
				CLANG_WARN_INT_CONVERSION = YES;
				CLANG_WARN_NON_LITERAL_NULL_CONVERSION = YES;
				CLANG_WARN_OBJC_IMPLICIT_RETAIN_SELF = YES;
				CLANG_WARN_OBJC_LITERAL_CONVERSION = YES;
				CLANG_WARN_OBJC_ROOT_CLASS = YES_ERROR;
				CLANG_WARN_QUOTED_INCLUDE_IN_FRAMEWORK_HEADER = YES;
				CLANG_WARN_RANGE_LOOP_ANALYSIS = YES;
				CLANG_WARN_STRICT_PROTOTYPES = YES;
				CLANG_WARN_SUSPICIOUS_MOVE = YES;
				CLANG_WARN_UNGUARDED_AVAILABILITY = YES_AGGRESSIVE;
				CLANG_WARN_UNREACHABLE_CODE = YES;
				CLANG_WARN__DUPLICATE_METHOD_MATCH = YES;
				COPY_PHASE_STRIP = NO;
				DEBUG_INFORMATION_FORMAT = "dwarf-with-dsym";
				ENABLE_NS_ASSERTIONS = NO;
				ENABLE_STRICT_OBJC_MSGSEND = YES;
				GCC_C_LANGUAGE_STANDARD = gnu11;
				GCC_NO_COMMON_BLOCKS = YES;
				GCC_WARN_64_TO_32_BIT_CONVERSION = YES;
				GCC_WARN_ABOUT_RETURN_TYPE = YES_ERROR;
				GCC_WARN_UNDECLARED_SELECTOR = YES;
				GCC_WARN_UNINITIALIZED_AUTOS = YES_AGGRESSIVE;
				GCC_WARN_UNUSED_FUNCTION = YES;
				GCC_WARN_UNUSED_VARIABLE = YES;
				IPHONEOS_DEPLOYMENT_TARGET = 15.0;
				MTL_ENABLE_DEBUG_INFO = NO;
				MTL_FAST_MATH = YES;
				SDKROOT = iphoneos;
				SWIFT_COMPILATION_MODE = wholemodule;
				SWIFT_OPTIMIZATION_LEVEL = "-O";
				VALIDATE_PRODUCT = YES;
			};
			name = Release;
		};
		52C803932A0B951A00417B08 /* Debug */ = {
			isa = XCBuildConfiguration;
			buildSettings = {
				ASSETCATALOG_COMPILER_APPICON_NAME = AppIcon;
				ASSETCATALOG_COMPILER_GLOBAL_ACCENT_COLOR_NAME = AccentColor;
				CODE_SIGN_STYLE = Automatic;
				CURRENT_PROJECT_VERSION = 1;
				DEVELOPMENT_TEAM = H4CNC953L3;
				ENABLE_PREVIEWS = YES;
				GENERATE_INFOPLIST_FILE = YES;
				INFOPLIST_FILE = "GymPTI-V2/Info.plist";
				INFOPLIST_KEY_CFBundleDisplayName = "짐피티아이";
				INFOPLIST_KEY_UIApplicationSceneManifest_Generation = YES;
				INFOPLIST_KEY_UIApplicationSupportsIndirectInputEvents = YES;
				INFOPLIST_KEY_UILaunchScreen_Generation = YES;
				INFOPLIST_KEY_UISupportedInterfaceOrientations = UIInterfaceOrientationPortrait;
				INFOPLIST_KEY_UISupportedInterfaceOrientations_iPad = "UIInterfaceOrientationLandscapeLeft UIInterfaceOrientationLandscapeRight UIInterfaceOrientationPortrait UIInterfaceOrientationPortraitUpsideDown";
				INFOPLIST_KEY_UIUserInterfaceStyle = Dark;
				IPHONEOS_DEPLOYMENT_TARGET = 16.0;
				LD_RUNPATH_SEARCH_PATHS = (
					"$(inherited)",
					"@executable_path/Frameworks",
				);
				MARKETING_VERSION = 1.0;
				PRODUCT_BUNDLE_IDENTIFIER = kr.dgsw.mingyu.GymPTI;
				PRODUCT_NAME = "$(TARGET_NAME)";
				SUPPORTED_PLATFORMS = "iphoneos iphonesimulator";
				SUPPORTS_MACCATALYST = NO;
				SUPPORTS_MAC_DESIGNED_FOR_IPHONE_IPAD = NO;
				SWIFT_EMIT_LOC_STRINGS = YES;
				SWIFT_VERSION = 5.0;
				TARGETED_DEVICE_FAMILY = 1;
			};
			name = Debug;
		};
		52C803942A0B951A00417B08 /* Release */ = {
			isa = XCBuildConfiguration;
			buildSettings = {
				ASSETCATALOG_COMPILER_APPICON_NAME = AppIcon;
				ASSETCATALOG_COMPILER_GLOBAL_ACCENT_COLOR_NAME = AccentColor;
				CODE_SIGN_STYLE = Automatic;
				CURRENT_PROJECT_VERSION = 1;
				DEVELOPMENT_TEAM = H4CNC953L3;
				ENABLE_PREVIEWS = YES;
				GENERATE_INFOPLIST_FILE = YES;
				INFOPLIST_FILE = "GymPTI-V2/Info.plist";
				INFOPLIST_KEY_CFBundleDisplayName = "짐피티아이";
				INFOPLIST_KEY_UIApplicationSceneManifest_Generation = YES;
				INFOPLIST_KEY_UIApplicationSupportsIndirectInputEvents = YES;
				INFOPLIST_KEY_UILaunchScreen_Generation = YES;
				INFOPLIST_KEY_UISupportedInterfaceOrientations = UIInterfaceOrientationPortrait;
				INFOPLIST_KEY_UISupportedInterfaceOrientations_iPad = "UIInterfaceOrientationLandscapeLeft UIInterfaceOrientationLandscapeRight UIInterfaceOrientationPortrait UIInterfaceOrientationPortraitUpsideDown";
				INFOPLIST_KEY_UIUserInterfaceStyle = Dark;
				IPHONEOS_DEPLOYMENT_TARGET = 16.0;
				LD_RUNPATH_SEARCH_PATHS = (
					"$(inherited)",
					"@executable_path/Frameworks",
				);
				MARKETING_VERSION = 1.0;
				PRODUCT_BUNDLE_IDENTIFIER = kr.dgsw.mingyu.GymPTI;
				PRODUCT_NAME = "$(TARGET_NAME)";
				SUPPORTED_PLATFORMS = "iphoneos iphonesimulator";
				SUPPORTS_MACCATALYST = NO;
				SUPPORTS_MAC_DESIGNED_FOR_IPHONE_IPAD = NO;
				SWIFT_EMIT_LOC_STRINGS = YES;
				SWIFT_VERSION = 5.0;
				TARGETED_DEVICE_FAMILY = 1;
			};
			name = Release;
		};
/* End XCBuildConfiguration section */

/* Begin XCConfigurationList section */
		52C8037F2A0B951900417B08 /* Build configuration list for PBXProject "GymPTI-V2" */ = {
			isa = XCConfigurationList;
			buildConfigurations = (
				52C803902A0B951A00417B08 /* Debug */,
				52C803912A0B951A00417B08 /* Release */,
			);
			defaultConfigurationIsVisible = 0;
			defaultConfigurationName = Release;
		};
		52C803922A0B951A00417B08 /* Build configuration list for PBXNativeTarget "GymPTI-V2" */ = {
			isa = XCConfigurationList;
			buildConfigurations = (
				52C803932A0B951A00417B08 /* Debug */,
				52C803942A0B951A00417B08 /* Release */,
			);
			defaultConfigurationIsVisible = 0;
			defaultConfigurationName = Release;
		};
/* End XCConfigurationList section */

/* Begin XCRemoteSwiftPackageReference section */
		52C803962A0B963600417B08 /* XCRemoteSwiftPackageReference "swift-composable-architecture" */ = {
			isa = XCRemoteSwiftPackageReference;
			repositoryURL = "https://github.com/pointfreeco/swift-composable-architecture/";
			requirement = {
				kind = upToNextMajorVersion;
				minimumVersion = 0.52.0;
			};
		};
		52C803992A0B964400417B08 /* XCRemoteSwiftPackageReference "LinkNavigator" */ = {
			isa = XCRemoteSwiftPackageReference;
			repositoryURL = "https://github.com/interactord/LinkNavigator";
			requirement = {
				kind = upToNextMajorVersion;
				minimumVersion = 0.7.1;
			};
		};
		52C8039C2A0B965000417B08 /* XCRemoteSwiftPackageReference "Alamofire" */ = {
			isa = XCRemoteSwiftPackageReference;
			repositoryURL = "https://github.com/Alamofire/Alamofire";
			requirement = {
				kind = upToNextMajorVersion;
				minimumVersion = 5.0.0;
			};
		};
		52C8042C2A0CABD200417B08 /* XCRemoteSwiftPackageReference "swiftui-cached-async-image" */ = {
			isa = XCRemoteSwiftPackageReference;
			repositoryURL = "https://github.com/lorenzofiamingo/swiftui-cached-async-image";
			requirement = {
				kind = upToNextMajorVersion;
				minimumVersion = 2.0.0;
			};
		};
/* End XCRemoteSwiftPackageReference section */

/* Begin XCSwiftPackageProductDependency section */
		52C803972A0B963600417B08 /* ComposableArchitecture */ = {
			isa = XCSwiftPackageProductDependency;
			package = 52C803962A0B963600417B08 /* XCRemoteSwiftPackageReference "swift-composable-architecture" */;
			productName = ComposableArchitecture;
		};
		52C8039A2A0B964400417B08 /* LinkNavigator */ = {
			isa = XCSwiftPackageProductDependency;
			package = 52C803992A0B964400417B08 /* XCRemoteSwiftPackageReference "LinkNavigator" */;
			productName = LinkNavigator;
		};
		52C8039D2A0B965000417B08 /* Alamofire */ = {
			isa = XCSwiftPackageProductDependency;
			package = 52C8039C2A0B965000417B08 /* XCRemoteSwiftPackageReference "Alamofire" */;
			productName = Alamofire;
		};
		52C8042D2A0CABD200417B08 /* CachedAsyncImage */ = {
			isa = XCSwiftPackageProductDependency;
			package = 52C8042C2A0CABD200417B08 /* XCRemoteSwiftPackageReference "swiftui-cached-async-image" */;
			productName = CachedAsyncImage;
		};
/* End XCSwiftPackageProductDependency section */
	};
	rootObject = 52C8037C2A0B951900417B08 /* Project object */;
}
