// !$*UTF8*$!
{
	archiveVersion = 1;
	classes = {
	};
	objectVersion = 56;
	objects = {

/* Begin PBXBuildFile section */
		52C803882A0B951900417B08 /* AppMain.swift in Sources */ = {isa = PBXBuildFile; fileRef = 52C803872A0B951900417B08 /* AppMain.swift */; };
		52C8038A2A0B951900417B08 /* HomeView.swift in Sources */ = {isa = PBXBuildFile; fileRef = 52C803892A0B951900417B08 /* HomeView.swift */; };
		52C8038C2A0B951A00417B08 /* Assets.xcassets in Resources */ = {isa = PBXBuildFile; fileRef = 52C8038B2A0B951A00417B08 /* Assets.xcassets */; };
		52C803982A0B963600417B08 /* ComposableArchitecture in Frameworks */ = {isa = PBXBuildFile; productRef = 52C803972A0B963600417B08 /* ComposableArchitecture */; };
		52C8039B2A0B964400417B08 /* LinkNavigator in Frameworks */ = {isa = PBXBuildFile; productRef = 52C8039A2A0B964400417B08 /* LinkNavigator */; };
		52C8039E2A0B965000417B08 /* Alamofire in Frameworks */ = {isa = PBXBuildFile; productRef = 52C8039D2A0B965000417B08 /* Alamofire */; };
		52C803A02A0B96A200417B08 /* AppRouteBuilder.swift in Sources */ = {isa = PBXBuildFile; fileRef = 52C8039F2A0B96A200417B08 /* AppRouteBuilder.swift */; };
		52C803A22A0B96CD00417B08 /* HomeRouteBuilder.swift in Sources */ = {isa = PBXBuildFile; fileRef = 52C803A12A0B96CD00417B08 /* HomeRouteBuilder.swift */; };
		52C803A52A0B974E00417B08 /* AppSideEffect.swift in Sources */ = {isa = PBXBuildFile; fileRef = 52C803A42A0B974E00417B08 /* AppSideEffect.swift */; };
		52C803A72A0B977900417B08 /* HomeSideEffect.swift in Sources */ = {isa = PBXBuildFile; fileRef = 52C803A62A0B977900417B08 /* HomeSideEffect.swift */; };
		52C803A92A0B97CD00417B08 /* HomeCore.swift in Sources */ = {isa = PBXBuildFile; fileRef = 52C803A82A0B97CD00417B08 /* HomeCore.swift */; };
		52C803B02A0B9AAB00417B08 /* Constants.swift in Sources */ = {isa = PBXBuildFile; fileRef = 52C803AF2A0B9AAB00417B08 /* Constants.swift */; };
		52C803B22A0B9ABB00417B08 /* Response.swift in Sources */ = {isa = PBXBuildFile; fileRef = 52C803B12A0B9ABB00417B08 /* Response.swift */; };
		52C803B42A0B9ACC00417B08 /* Requests.swift in Sources */ = {isa = PBXBuildFile; fileRef = 52C803B32A0B9ACC00417B08 /* Requests.swift */; };
		52C803B72A0BAD1800417B08 /* UINavigationControllerExt.swift in Sources */ = {isa = PBXBuildFile; fileRef = 52C803B62A0BAD1800417B08 /* UINavigationControllerExt.swift */; };
		52C803B92A0BAD3900417B08 /* ViewExt.swift in Sources */ = {isa = PBXBuildFile; fileRef = 52C803B82A0BAD3900417B08 /* ViewExt.swift */; };
		52C803BC2A0BAE1600417B08 /* KeyboardManager.swift in Sources */ = {isa = PBXBuildFile; fileRef = 52C803BB2A0BAE1600417B08 /* KeyboardManager.swift */; };
		52C803BE2A0BAE4100417B08 /* StringExt.swift in Sources */ = {isa = PBXBuildFile; fileRef = 52C803BD2A0BAE4100417B08 /* StringExt.swift */; };
		52C803C12A0BAE7500417B08 /* LaunchView.swift in Sources */ = {isa = PBXBuildFile; fileRef = 52C803C02A0BAE7500417B08 /* LaunchView.swift */; };
		52C803C72A0BB5A900417B08 /* SignInView.swift in Sources */ = {isa = PBXBuildFile; fileRef = 52C803C62A0BB5A900417B08 /* SignInView.swift */; };
		52C803D72A0BB73300417B08 /* SignInCore.swift in Sources */ = {isa = PBXBuildFile; fileRef = 52C803D62A0BB73300417B08 /* SignInCore.swift */; };
		52C803DA2A0BB74200417B08 /* SignInRouteBuilder.swift in Sources */ = {isa = PBXBuildFile; fileRef = 52C803D92A0BB74200417B08 /* SignInRouteBuilder.swift */; };
		52C803DC2A0BB8E200417B08 /* SignInSideEffect.swift in Sources */ = {isa = PBXBuildFile; fileRef = 52C803DB2A0BB8E200417B08 /* SignInSideEffect.swift */; };
		52C803E02A0BC8F700417B08 /* LaunchRouteBuilder.swift in Sources */ = {isa = PBXBuildFile; fileRef = 52C803DF2A0BC8F700417B08 /* LaunchRouteBuilder.swift */; };
		52C803ED2A0BD25A00417B08 /* IdView.swift in Sources */ = {isa = PBXBuildFile; fileRef = 52C803EC2A0BD25A00417B08 /* IdView.swift */; };
		52C803EF2A0BD2DC00417B08 /* IdCore.swift in Sources */ = {isa = PBXBuildFile; fileRef = 52C803EE2A0BD2DC00417B08 /* IdCore.swift */; };
		52C803F12A0BD2E700417B08 /* IdSideEffect.swift in Sources */ = {isa = PBXBuildFile; fileRef = 52C803F02A0BD2E700417B08 /* IdSideEffect.swift */; };
		52C803F32A0BD2F100417B08 /* IdRouteBuilder.swift in Sources */ = {isa = PBXBuildFile; fileRef = 52C803F22A0BD2F100417B08 /* IdRouteBuilder.swift */; };
		52C803F52A0BDB3F00417B08 /* PwView.swift in Sources */ = {isa = PBXBuildFile; fileRef = 52C803F42A0BDB3F00417B08 /* PwView.swift */; };
		52C803F72A0BDB4700417B08 /* PwCore.swift in Sources */ = {isa = PBXBuildFile; fileRef = 52C803F62A0BDB4700417B08 /* PwCore.swift */; };
		52C803F92A0BDB6C00417B08 /* PwSideEffect.swift in Sources */ = {isa = PBXBuildFile; fileRef = 52C803F82A0BDB6C00417B08 /* PwSideEffect.swift */; };
		52C803FB2A0BDB7400417B08 /* PwRouteBuilder.swift in Sources */ = {isa = PBXBuildFile; fileRef = 52C803FA2A0BDB7400417B08 /* PwRouteBuilder.swift */; };
		52C803FD2A0BE04200417B08 /* NameView.swift in Sources */ = {isa = PBXBuildFile; fileRef = 52C803FC2A0BE04100417B08 /* NameView.swift */; };
		52C803FF2A0BE09500417B08 /* NameCore.swift in Sources */ = {isa = PBXBuildFile; fileRef = 52C803FE2A0BE09500417B08 /* NameCore.swift */; };
		52C804012A0BE12300417B08 /* NameSideEffect.swift in Sources */ = {isa = PBXBuildFile; fileRef = 52C804002A0BE12300417B08 /* NameSideEffect.swift */; };
		52C804032A0BE1D600417B08 /* NameRouteBuilder.swift in Sources */ = {isa = PBXBuildFile; fileRef = 52C804022A0BE1D600417B08 /* NameRouteBuilder.swift */; };
		52C804052A0BE2A400417B08 /* EmailView.swift in Sources */ = {isa = PBXBuildFile; fileRef = 52C804042A0BE2A400417B08 /* EmailView.swift */; };
		52C804072A0BE2AD00417B08 /* EmailCore.swift in Sources */ = {isa = PBXBuildFile; fileRef = 52C804062A0BE2AD00417B08 /* EmailCore.swift */; };
		52C804092A0BE2CF00417B08 /* EmailSideEffect.swift in Sources */ = {isa = PBXBuildFile; fileRef = 52C804082A0BE2CF00417B08 /* EmailSideEffect.swift */; };
		52C8040B2A0BE2DD00417B08 /* EmailRouteBuilder.swift in Sources */ = {isa = PBXBuildFile; fileRef = 52C8040A2A0BE2DD00417B08 /* EmailRouteBuilder.swift */; };
		52C8040D2A0C771900417B08 /* TabBarView.swift in Sources */ = {isa = PBXBuildFile; fileRef = 52C8040C2A0C771900417B08 /* TabBarView.swift */; };
		52C8040F2A0C804300417B08 /* TabBarRouteBuilder.swift in Sources */ = {isa = PBXBuildFile; fileRef = 52C8040E2A0C804300417B08 /* TabBarRouteBuilder.swift */; };
		52C804122A0C86EB00417B08 /* RoutineView.swift in Sources */ = {isa = PBXBuildFile; fileRef = 52C804112A0C86EB00417B08 /* RoutineView.swift */; };
		52C804142A0C870700417B08 /* RoutineCore.swift in Sources */ = {isa = PBXBuildFile; fileRef = 52C804132A0C870700417B08 /* RoutineCore.swift */; };
		52C804162A0C871D00417B08 /* RoutineSideEffect.swift in Sources */ = {isa = PBXBuildFile; fileRef = 52C804152A0C871D00417B08 /* RoutineSideEffect.swift */; };
		52C804182A0C872900417B08 /* RoutineRouteBuilder.swift in Sources */ = {isa = PBXBuildFile; fileRef = 52C804172A0C872900417B08 /* RoutineRouteBuilder.swift */; };
		52C8041C2A0C876300417B08 /* ProfileView.swift in Sources */ = {isa = PBXBuildFile; fileRef = 52C8041B2A0C876300417B08 /* ProfileView.swift */; };
		52C8041E2A0C877300417B08 /* ProfileCore.swift in Sources */ = {isa = PBXBuildFile; fileRef = 52C8041D2A0C877300417B08 /* ProfileCore.swift */; };
		52C804202A0C877D00417B08 /* ProfileSideEffect.swift in Sources */ = {isa = PBXBuildFile; fileRef = 52C8041F2A0C877D00417B08 /* ProfileSideEffect.swift */; };
		52C804222A0C878A00417B08 /* ProfileRouteBuilder.swift in Sources */ = {isa = PBXBuildFile; fileRef = 52C804212A0C878A00417B08 /* ProfileRouteBuilder.swift */; };
/* End PBXBuildFile section */

/* Begin PBXFileReference section */
		52C803842A0B951900417B08 /* GymPTI-V2.app */ = {isa = PBXFileReference; explicitFileType = wrapper.application; includeInIndex = 0; path = "GymPTI-V2.app"; sourceTree = BUILT_PRODUCTS_DIR; };
		52C803872A0B951900417B08 /* AppMain.swift */ = {isa = PBXFileReference; lastKnownFileType = sourcecode.swift; path = AppMain.swift; sourceTree = "<group>"; };
		52C803892A0B951900417B08 /* HomeView.swift */ = {isa = PBXFileReference; lastKnownFileType = sourcecode.swift; path = HomeView.swift; sourceTree = "<group>"; };
		52C8038B2A0B951A00417B08 /* Assets.xcassets */ = {isa = PBXFileReference; lastKnownFileType = folder.assetcatalog; path = Assets.xcassets; sourceTree = "<group>"; };
		52C803952A0B959F00417B08 /* Info.plist */ = {isa = PBXFileReference; lastKnownFileType = text.plist; path = Info.plist; sourceTree = "<group>"; };
		52C8039F2A0B96A200417B08 /* AppRouteBuilder.swift */ = {isa = PBXFileReference; lastKnownFileType = sourcecode.swift; path = AppRouteBuilder.swift; sourceTree = "<group>"; };
		52C803A12A0B96CD00417B08 /* HomeRouteBuilder.swift */ = {isa = PBXFileReference; lastKnownFileType = sourcecode.swift; path = HomeRouteBuilder.swift; sourceTree = "<group>"; };
		52C803A42A0B974E00417B08 /* AppSideEffect.swift */ = {isa = PBXFileReference; lastKnownFileType = sourcecode.swift; path = AppSideEffect.swift; sourceTree = "<group>"; };
		52C803A62A0B977900417B08 /* HomeSideEffect.swift */ = {isa = PBXFileReference; lastKnownFileType = sourcecode.swift; path = HomeSideEffect.swift; sourceTree = "<group>"; };
		52C803A82A0B97CD00417B08 /* HomeCore.swift */ = {isa = PBXFileReference; lastKnownFileType = sourcecode.swift; path = HomeCore.swift; sourceTree = "<group>"; };
		52C803AF2A0B9AAB00417B08 /* Constants.swift */ = {isa = PBXFileReference; lastKnownFileType = sourcecode.swift; path = Constants.swift; sourceTree = "<group>"; };
		52C803B12A0B9ABB00417B08 /* Response.swift */ = {isa = PBXFileReference; lastKnownFileType = sourcecode.swift; path = Response.swift; sourceTree = "<group>"; };
		52C803B32A0B9ACC00417B08 /* Requests.swift */ = {isa = PBXFileReference; lastKnownFileType = sourcecode.swift; path = Requests.swift; sourceTree = "<group>"; };
		52C803B62A0BAD1800417B08 /* UINavigationControllerExt.swift */ = {isa = PBXFileReference; lastKnownFileType = sourcecode.swift; path = UINavigationControllerExt.swift; sourceTree = "<group>"; };
		52C803B82A0BAD3900417B08 /* ViewExt.swift */ = {isa = PBXFileReference; lastKnownFileType = sourcecode.swift; path = ViewExt.swift; sourceTree = "<group>"; };
		52C803BB2A0BAE1600417B08 /* KeyboardManager.swift */ = {isa = PBXFileReference; lastKnownFileType = sourcecode.swift; path = KeyboardManager.swift; sourceTree = "<group>"; };
		52C803BD2A0BAE4100417B08 /* StringExt.swift */ = {isa = PBXFileReference; lastKnownFileType = sourcecode.swift; path = StringExt.swift; sourceTree = "<group>"; };
		52C803C02A0BAE7500417B08 /* LaunchView.swift */ = {isa = PBXFileReference; lastKnownFileType = sourcecode.swift; path = LaunchView.swift; sourceTree = "<group>"; };
		52C803C62A0BB5A900417B08 /* SignInView.swift */ = {isa = PBXFileReference; lastKnownFileType = sourcecode.swift; path = SignInView.swift; sourceTree = "<group>"; };
		52C803D62A0BB73300417B08 /* SignInCore.swift */ = {isa = PBXFileReference; lastKnownFileType = sourcecode.swift; path = SignInCore.swift; sourceTree = "<group>"; };
		52C803D92A0BB74200417B08 /* SignInRouteBuilder.swift */ = {isa = PBXFileReference; lastKnownFileType = sourcecode.swift; path = SignInRouteBuilder.swift; sourceTree = "<group>"; };
		52C803DB2A0BB8E200417B08 /* SignInSideEffect.swift */ = {isa = PBXFileReference; lastKnownFileType = sourcecode.swift; path = SignInSideEffect.swift; sourceTree = "<group>"; };
		52C803DF2A0BC8F700417B08 /* LaunchRouteBuilder.swift */ = {isa = PBXFileReference; lastKnownFileType = sourcecode.swift; path = LaunchRouteBuilder.swift; sourceTree = "<group>"; };
		52C803EC2A0BD25A00417B08 /* IdView.swift */ = {isa = PBXFileReference; lastKnownFileType = sourcecode.swift; path = IdView.swift; sourceTree = "<group>"; };
		52C803EE2A0BD2DC00417B08 /* IdCore.swift */ = {isa = PBXFileReference; lastKnownFileType = sourcecode.swift; path = IdCore.swift; sourceTree = "<group>"; };
		52C803F02A0BD2E700417B08 /* IdSideEffect.swift */ = {isa = PBXFileReference; lastKnownFileType = sourcecode.swift; path = IdSideEffect.swift; sourceTree = "<group>"; };
		52C803F22A0BD2F100417B08 /* IdRouteBuilder.swift */ = {isa = PBXFileReference; lastKnownFileType = sourcecode.swift; path = IdRouteBuilder.swift; sourceTree = "<group>"; };
		52C803F42A0BDB3F00417B08 /* PwView.swift */ = {isa = PBXFileReference; lastKnownFileType = sourcecode.swift; path = PwView.swift; sourceTree = "<group>"; };
		52C803F62A0BDB4700417B08 /* PwCore.swift */ = {isa = PBXFileReference; lastKnownFileType = sourcecode.swift; path = PwCore.swift; sourceTree = "<group>"; };
		52C803F82A0BDB6C00417B08 /* PwSideEffect.swift */ = {isa = PBXFileReference; lastKnownFileType = sourcecode.swift; path = PwSideEffect.swift; sourceTree = "<group>"; };
		52C803FA2A0BDB7400417B08 /* PwRouteBuilder.swift */ = {isa = PBXFileReference; lastKnownFileType = sourcecode.swift; path = PwRouteBuilder.swift; sourceTree = "<group>"; };
		52C803FC2A0BE04100417B08 /* NameView.swift */ = {isa = PBXFileReference; lastKnownFileType = sourcecode.swift; path = NameView.swift; sourceTree = "<group>"; };
		52C803FE2A0BE09500417B08 /* NameCore.swift */ = {isa = PBXFileReference; lastKnownFileType = sourcecode.swift; path = NameCore.swift; sourceTree = "<group>"; };
		52C804002A0BE12300417B08 /* NameSideEffect.swift */ = {isa = PBXFileReference; lastKnownFileType = sourcecode.swift; path = NameSideEffect.swift; sourceTree = "<group>"; };
		52C804022A0BE1D600417B08 /* NameRouteBuilder.swift */ = {isa = PBXFileReference; lastKnownFileType = sourcecode.swift; path = NameRouteBuilder.swift; sourceTree = "<group>"; };
		52C804042A0BE2A400417B08 /* EmailView.swift */ = {isa = PBXFileReference; lastKnownFileType = sourcecode.swift; path = EmailView.swift; sourceTree = "<group>"; };
		52C804062A0BE2AD00417B08 /* EmailCore.swift */ = {isa = PBXFileReference; lastKnownFileType = sourcecode.swift; path = EmailCore.swift; sourceTree = "<group>"; };
		52C804082A0BE2CF00417B08 /* EmailSideEffect.swift */ = {isa = PBXFileReference; lastKnownFileType = sourcecode.swift; path = EmailSideEffect.swift; sourceTree = "<group>"; };
		52C8040A2A0BE2DD00417B08 /* EmailRouteBuilder.swift */ = {isa = PBXFileReference; lastKnownFileType = sourcecode.swift; path = EmailRouteBuilder.swift; sourceTree = "<group>"; };
		52C8040C2A0C771900417B08 /* TabBarView.swift */ = {isa = PBXFileReference; lastKnownFileType = sourcecode.swift; path = TabBarView.swift; sourceTree = "<group>"; };
		52C8040E2A0C804300417B08 /* TabBarRouteBuilder.swift */ = {isa = PBXFileReference; lastKnownFileType = sourcecode.swift; path = TabBarRouteBuilder.swift; sourceTree = "<group>"; };
		52C804112A0C86EB00417B08 /* RoutineView.swift */ = {isa = PBXFileReference; lastKnownFileType = sourcecode.swift; path = RoutineView.swift; sourceTree = "<group>"; };
		52C804132A0C870700417B08 /* RoutineCore.swift */ = {isa = PBXFileReference; lastKnownFileType = sourcecode.swift; path = RoutineCore.swift; sourceTree = "<group>"; };
		52C804152A0C871D00417B08 /* RoutineSideEffect.swift */ = {isa = PBXFileReference; lastKnownFileType = sourcecode.swift; path = RoutineSideEffect.swift; sourceTree = "<group>"; };
		52C804172A0C872900417B08 /* RoutineRouteBuilder.swift */ = {isa = PBXFileReference; lastKnownFileType = sourcecode.swift; path = RoutineRouteBuilder.swift; sourceTree = "<group>"; };
		52C8041B2A0C876300417B08 /* ProfileView.swift */ = {isa = PBXFileReference; lastKnownFileType = sourcecode.swift; path = ProfileView.swift; sourceTree = "<group>"; };
		52C8041D2A0C877300417B08 /* ProfileCore.swift */ = {isa = PBXFileReference; lastKnownFileType = sourcecode.swift; path = ProfileCore.swift; sourceTree = "<group>"; };
		52C8041F2A0C877D00417B08 /* ProfileSideEffect.swift */ = {isa = PBXFileReference; lastKnownFileType = sourcecode.swift; path = ProfileSideEffect.swift; sourceTree = "<group>"; };
		52C804212A0C878A00417B08 /* ProfileRouteBuilder.swift */ = {isa = PBXFileReference; lastKnownFileType = sourcecode.swift; path = ProfileRouteBuilder.swift; sourceTree = "<group>"; };
/* End PBXFileReference section */

/* Begin PBXFrameworksBuildPhase section */
		52C803812A0B951900417B08 /* Frameworks */ = {
			isa = PBXFrameworksBuildPhase;
			buildActionMask = 2147483647;
			files = (
				52C8039E2A0B965000417B08 /* Alamofire in Frameworks */,
				52C8039B2A0B964400417B08 /* LinkNavigator in Frameworks */,
				52C803982A0B963600417B08 /* ComposableArchitecture in Frameworks */,
			);
			runOnlyForDeploymentPostprocessing = 0;
		};
/* End PBXFrameworksBuildPhase section */

/* Begin PBXGroup section */
		52C8037B2A0B951900417B08 = {
			isa = PBXGroup;
			children = (
				52C803862A0B951900417B08 /* GymPTI-V2 */,
				52C803852A0B951900417B08 /* Products */,
			);
			sourceTree = "<group>";
		};
		52C803852A0B951900417B08 /* Products */ = {
			isa = PBXGroup;
			children = (
				52C803842A0B951900417B08 /* GymPTI-V2.app */,
			);
			name = Products;
			sourceTree = "<group>";
		};
		52C803862A0B951900417B08 /* GymPTI-V2 */ = {
			isa = PBXGroup;
			children = (
				52C803952A0B959F00417B08 /* Info.plist */,
				52C803AB2A0B9A3F00417B08 /* Resources */,
				52C803AA2A0B9A2B00417B08 /* Feature */,
				52C8038B2A0B951A00417B08 /* Assets.xcassets */,
			);
			path = "GymPTI-V2";
			sourceTree = "<group>";
		};
		52C803A32A0B970300417B08 /* Home */ = {
			isa = PBXGroup;
			children = (
				52C803892A0B951900417B08 /* HomeView.swift */,
				52C803A82A0B97CD00417B08 /* HomeCore.swift */,
				52C803A62A0B977900417B08 /* HomeSideEffect.swift */,
				52C803A12A0B96CD00417B08 /* HomeRouteBuilder.swift */,
			);
			path = Home;
			sourceTree = "<group>";
		};
		52C803AA2A0B9A2B00417B08 /* Feature */ = {
			isa = PBXGroup;
			children = (
				52C803BF2A0BAE6900417B08 /* Launch */,
				52C803C42A0BB58700417B08 /* Auth */,
				52C8041A2A0C874900417B08 /* TabBar */,
				52C803A32A0B970300417B08 /* Home */,
				52C804102A0C86CF00417B08 /* Routine */,
				52C804192A0C873100417B08 /* Profile */,
			);
			path = Feature;
			sourceTree = "<group>";
		};
		52C803AB2A0B9A3F00417B08 /* Resources */ = {
			isa = PBXGroup;
			children = (
				52C803AD2A0B9A7F00417B08 /* Navigator */,
				52C803AC2A0B9A6500417B08 /* Archetecture */,
				52C803AE2A0B9A9A00417B08 /* Network */,
				52C803B52A0BACE500417B08 /* Ext */,
				52C803BA2A0BAD4500417B08 /* class */,
			);
			path = Resources;
			sourceTree = "<group>";
		};
		52C803AC2A0B9A6500417B08 /* Archetecture */ = {
			isa = PBXGroup;
			children = (
				52C803A42A0B974E00417B08 /* AppSideEffect.swift */,
			);
			path = Archetecture;
			sourceTree = "<group>";
		};
		52C803AD2A0B9A7F00417B08 /* Navigator */ = {
			isa = PBXGroup;
			children = (
				52C803872A0B951900417B08 /* AppMain.swift */,
				52C8039F2A0B96A200417B08 /* AppRouteBuilder.swift */,
			);
			path = Navigator;
			sourceTree = "<group>";
		};
		52C803AE2A0B9A9A00417B08 /* Network */ = {
			isa = PBXGroup;
			children = (
				52C803AF2A0B9AAB00417B08 /* Constants.swift */,
				52C803B12A0B9ABB00417B08 /* Response.swift */,
				52C803B32A0B9ACC00417B08 /* Requests.swift */,
			);
			path = Network;
			sourceTree = "<group>";
		};
		52C803B52A0BACE500417B08 /* Ext */ = {
			isa = PBXGroup;
			children = (
				52C803B82A0BAD3900417B08 /* ViewExt.swift */,
				52C803BD2A0BAE4100417B08 /* StringExt.swift */,
				52C803B62A0BAD1800417B08 /* UINavigationControllerExt.swift */,
			);
			name = Ext;
			sourceTree = "<group>";
		};
		52C803BA2A0BAD4500417B08 /* class */ = {
			isa = PBXGroup;
			children = (
				52C803BB2A0BAE1600417B08 /* KeyboardManager.swift */,
			);
			path = class;
			sourceTree = "<group>";
		};
		52C803BF2A0BAE6900417B08 /* Launch */ = {
			isa = PBXGroup;
			children = (
				52C803C02A0BAE7500417B08 /* LaunchView.swift */,
				52C803DF2A0BC8F700417B08 /* LaunchRouteBuilder.swift */,
			);
			path = Launch;
			sourceTree = "<group>";
		};
		52C803C42A0BB58700417B08 /* Auth */ = {
			isa = PBXGroup;
			children = (
				52C803C52A0BB59300417B08 /* SignIn */,
				52C803E12A0BCB2000417B08 /* SignUp */,
			);
			path = Auth;
			sourceTree = "<group>";
		};
		52C803C52A0BB59300417B08 /* SignIn */ = {
			isa = PBXGroup;
			children = (
				52C803C62A0BB5A900417B08 /* SignInView.swift */,
				52C803D62A0BB73300417B08 /* SignInCore.swift */,
				52C803DB2A0BB8E200417B08 /* SignInSideEffect.swift */,
				52C803D92A0BB74200417B08 /* SignInRouteBuilder.swift */,
			);
			path = SignIn;
			sourceTree = "<group>";
		};
		52C803E12A0BCB2000417B08 /* SignUp */ = {
			isa = PBXGroup;
			children = (
				52C803E22A0BCB3E00417B08 /* Id */,
				52C803E32A0BCB4200417B08 /* Pw */,
				52C803E42A0BCB4B00417B08 /* Name */,
				52C803E52A0BCB5400417B08 /* Email */,
			);
			path = SignUp;
			sourceTree = "<group>";
		};
		52C803E22A0BCB3E00417B08 /* Id */ = {
			isa = PBXGroup;
			children = (
				52C803EC2A0BD25A00417B08 /* IdView.swift */,
				52C803EE2A0BD2DC00417B08 /* IdCore.swift */,
				52C803F02A0BD2E700417B08 /* IdSideEffect.swift */,
				52C803F22A0BD2F100417B08 /* IdRouteBuilder.swift */,
			);
			path = Id;
			sourceTree = "<group>";
		};
		52C803E32A0BCB4200417B08 /* Pw */ = {
			isa = PBXGroup;
			children = (
				52C803F42A0BDB3F00417B08 /* PwView.swift */,
				52C803F62A0BDB4700417B08 /* PwCore.swift */,
				52C803F82A0BDB6C00417B08 /* PwSideEffect.swift */,
				52C803FA2A0BDB7400417B08 /* PwRouteBuilder.swift */,
			);
			path = Pw;
			sourceTree = "<group>";
		};
		52C803E42A0BCB4B00417B08 /* Name */ = {
			isa = PBXGroup;
			children = (
				52C803FC2A0BE04100417B08 /* NameView.swift */,
				52C803FE2A0BE09500417B08 /* NameCore.swift */,
				52C804002A0BE12300417B08 /* NameSideEffect.swift */,
				52C804022A0BE1D600417B08 /* NameRouteBuilder.swift */,
			);
			path = Name;
			sourceTree = "<group>";
		};
		52C803E52A0BCB5400417B08 /* Email */ = {
			isa = PBXGroup;
			children = (
				52C804042A0BE2A400417B08 /* EmailView.swift */,
				52C804062A0BE2AD00417B08 /* EmailCore.swift */,
				52C804082A0BE2CF00417B08 /* EmailSideEffect.swift */,
				52C8040A2A0BE2DD00417B08 /* EmailRouteBuilder.swift */,
			);
			path = Email;
			sourceTree = "<group>";
		};
		52C804102A0C86CF00417B08 /* Routine */ = {
			isa = PBXGroup;
			children = (
				52C804112A0C86EB00417B08 /* RoutineView.swift */,
				52C804132A0C870700417B08 /* RoutineCore.swift */,
				52C804152A0C871D00417B08 /* RoutineSideEffect.swift */,
				52C804172A0C872900417B08 /* RoutineRouteBuilder.swift */,
			);
			path = Routine;
			sourceTree = "<group>";
		};
		52C804192A0C873100417B08 /* Profile */ = {
			isa = PBXGroup;
			children = (
				52C8041B2A0C876300417B08 /* ProfileView.swift */,
				52C8041D2A0C877300417B08 /* ProfileCore.swift */,
				52C8041F2A0C877D00417B08 /* ProfileSideEffect.swift */,
				52C804212A0C878A00417B08 /* ProfileRouteBuilder.swift */,
			);
			path = Profile;
			sourceTree = "<group>";
		};
		52C8041A2A0C874900417B08 /* TabBar */ = {
			isa = PBXGroup;
			children = (
				52C8040C2A0C771900417B08 /* TabBarView.swift */,
				52C8040E2A0C804300417B08 /* TabBarRouteBuilder.swift */,
			);
			path = TabBar;
			sourceTree = "<group>";
		};
/* End PBXGroup section */

/* Begin PBXNativeTarget section */
		52C803832A0B951900417B08 /* GymPTI-V2 */ = {
			isa = PBXNativeTarget;
			buildConfigurationList = 52C803922A0B951A00417B08 /* Build configuration list for PBXNativeTarget "GymPTI-V2" */;
			buildPhases = (
				52C803802A0B951900417B08 /* Sources */,
				52C803812A0B951900417B08 /* Frameworks */,
				52C803822A0B951900417B08 /* Resources */,
			);
			buildRules = (
			);
			dependencies = (
			);
			name = "GymPTI-V2";
			packageProductDependencies = (
				52C803972A0B963600417B08 /* ComposableArchitecture */,
				52C8039A2A0B964400417B08 /* LinkNavigator */,
				52C8039D2A0B965000417B08 /* Alamofire */,
			);
			productName = "GymPTI-V2";
			productReference = 52C803842A0B951900417B08 /* GymPTI-V2.app */;
			productType = "com.apple.product-type.application";
		};
/* End PBXNativeTarget section */

/* Begin PBXProject section */
		52C8037C2A0B951900417B08 /* Project object */ = {
			isa = PBXProject;
			attributes = {
				BuildIndependentTargetsInParallel = 1;
				LastSwiftUpdateCheck = 1430;
				LastUpgradeCheck = 1430;
				TargetAttributes = {
					52C803832A0B951900417B08 = {
						CreatedOnToolsVersion = 14.3;
					};
				};
			};
			buildConfigurationList = 52C8037F2A0B951900417B08 /* Build configuration list for PBXProject "GymPTI-V2" */;
			compatibilityVersion = "Xcode 14.0";
			developmentRegion = en;
			hasScannedForEncodings = 0;
			knownRegions = (
				en,
				Base,
			);
			mainGroup = 52C8037B2A0B951900417B08;
			packageReferences = (
				52C803962A0B963600417B08 /* XCRemoteSwiftPackageReference "swift-composable-architecture" */,
				52C803992A0B964400417B08 /* XCRemoteSwiftPackageReference "LinkNavigator" */,
				52C8039C2A0B965000417B08 /* XCRemoteSwiftPackageReference "Alamofire" */,
			);
			productRefGroup = 52C803852A0B951900417B08 /* Products */;
			projectDirPath = "";
			projectRoot = "";
			targets = (
				52C803832A0B951900417B08 /* GymPTI-V2 */,
			);
		};
/* End PBXProject section */

/* Begin PBXResourcesBuildPhase section */
		52C803822A0B951900417B08 /* Resources */ = {
			isa = PBXResourcesBuildPhase;
			buildActionMask = 2147483647;
			files = (
				52C8038C2A0B951A00417B08 /* Assets.xcassets in Resources */,
			);
			runOnlyForDeploymentPostprocessing = 0;
		};
/* End PBXResourcesBuildPhase section */

/* Begin PBXSourcesBuildPhase section */
		52C803802A0B951900417B08 /* Sources */ = {
			isa = PBXSourcesBuildPhase;
			buildActionMask = 2147483647;
			files = (
				52C803DA2A0BB74200417B08 /* SignInRouteBuilder.swift in Sources */,
				52C803A92A0B97CD00417B08 /* HomeCore.swift in Sources */,
				52C804182A0C872900417B08 /* RoutineRouteBuilder.swift in Sources */,
				52C803C12A0BAE7500417B08 /* LaunchView.swift in Sources */,
				52C803FD2A0BE04200417B08 /* NameView.swift in Sources */,
				52C803EF2A0BD2DC00417B08 /* IdCore.swift in Sources */,
				52C804162A0C871D00417B08 /* RoutineSideEffect.swift in Sources */,
				52C803A22A0B96CD00417B08 /* HomeRouteBuilder.swift in Sources */,
				52C804012A0BE12300417B08 /* NameSideEffect.swift in Sources */,
				52C803B72A0BAD1800417B08 /* UINavigationControllerExt.swift in Sources */,
				52C804032A0BE1D600417B08 /* NameRouteBuilder.swift in Sources */,
				52C803A52A0B974E00417B08 /* AppSideEffect.swift in Sources */,
				52C803B92A0BAD3900417B08 /* ViewExt.swift in Sources */,
				52C804142A0C870700417B08 /* RoutineCore.swift in Sources */,
				52C803F92A0BDB6C00417B08 /* PwSideEffect.swift in Sources */,
				52C804222A0C878A00417B08 /* ProfileRouteBuilder.swift in Sources */,
				52C804202A0C877D00417B08 /* ProfileSideEffect.swift in Sources */,
				52C803B42A0B9ACC00417B08 /* Requests.swift in Sources */,
				52C803BC2A0BAE1600417B08 /* KeyboardManager.swift in Sources */,
				52C804122A0C86EB00417B08 /* RoutineView.swift in Sources */,
				52C8040D2A0C771900417B08 /* TabBarView.swift in Sources */,
				52C8041C2A0C876300417B08 /* ProfileView.swift in Sources */,
				52C804052A0BE2A400417B08 /* EmailView.swift in Sources */,
				52C803F32A0BD2F100417B08 /* IdRouteBuilder.swift in Sources */,
				52C8040B2A0BE2DD00417B08 /* EmailRouteBuilder.swift in Sources */,
				52C803F72A0BDB4700417B08 /* PwCore.swift in Sources */,
				52C803DC2A0BB8E200417B08 /* SignInSideEffect.swift in Sources */,
				52C803A72A0B977900417B08 /* HomeSideEffect.swift in Sources */,
				52C804072A0BE2AD00417B08 /* EmailCore.swift in Sources */,
				52C803B22A0B9ABB00417B08 /* Response.swift in Sources */,
				52C803F12A0BD2E700417B08 /* IdSideEffect.swift in Sources */,
				52C804092A0BE2CF00417B08 /* EmailSideEffect.swift in Sources */,
				52C8038A2A0B951900417B08 /* HomeView.swift in Sources */,
				52C803E02A0BC8F700417B08 /* LaunchRouteBuilder.swift in Sources */,
				52C803BE2A0BAE4100417B08 /* StringExt.swift in Sources */,
				52C803FF2A0BE09500417B08 /* NameCore.swift in Sources */,
				52C803FB2A0BDB7400417B08 /* PwRouteBuilder.swift in Sources */,
				52C803D72A0BB73300417B08 /* SignInCore.swift in Sources */,
				52C803882A0B951900417B08 /* AppMain.swift in Sources */,
				52C803F52A0BDB3F00417B08 /* PwView.swift in Sources */,
				52C8041E2A0C877300417B08 /* ProfileCore.swift in Sources */,
				52C803A02A0B96A200417B08 /* AppRouteBuilder.swift in Sources */,
				52C803C72A0BB5A900417B08 /* SignInView.swift in Sources */,
				52C8040F2A0C804300417B08 /* TabBarRouteBuilder.swift in Sources */,
				52C803ED2A0BD25A00417B08 /* IdView.swift in Sources */,
				52C803B02A0B9AAB00417B08 /* Constants.swift in Sources */,
			);
			runOnlyForDeploymentPostprocessing = 0;
		};
/* End PBXSourcesBuildPhase section */

/* Begin XCBuildConfiguration section */
		52C803902A0B951A00417B08 /* Debug */ = {
			isa = XCBuildConfiguration;
			buildSettings = {
				ALWAYS_SEARCH_USER_PATHS = NO;
				CLANG_ANALYZER_NONNULL = YES;
				CLANG_ANALYZER_NUMBER_OBJECT_CONVERSION = YES_AGGRESSIVE;
				CLANG_CXX_LANGUAGE_STANDARD = "gnu++20";
				CLANG_ENABLE_MODULES = YES;
				CLANG_ENABLE_OBJC_ARC = YES;
				CLANG_ENABLE_OBJC_WEAK = YES;
				CLANG_WARN_BLOCK_CAPTURE_AUTORELEASING = YES;
				CLANG_WARN_BOOL_CONVERSION = YES;
				CLANG_WARN_COMMA = YES;
				CLANG_WARN_CONSTANT_CONVERSION = YES;
				CLANG_WARN_DEPRECATED_OBJC_IMPLEMENTATIONS = YES;
				CLANG_WARN_DIRECT_OBJC_ISA_USAGE = YES_ERROR;
				CLANG_WARN_DOCUMENTATION_COMMENTS = YES;
				CLANG_WARN_EMPTY_BODY = YES;
				CLANG_WARN_ENUM_CONVERSION = YES;
				CLANG_WARN_INFINITE_RECURSION = YES;
				CLANG_WARN_INT_CONVERSION = YES;
				CLANG_WARN_NON_LITERAL_NULL_CONVERSION = YES;
				CLANG_WARN_OBJC_IMPLICIT_RETAIN_SELF = YES;
				CLANG_WARN_OBJC_LITERAL_CONVERSION = YES;
				CLANG_WARN_OBJC_ROOT_CLASS = YES_ERROR;
				CLANG_WARN_QUOTED_INCLUDE_IN_FRAMEWORK_HEADER = YES;
				CLANG_WARN_RANGE_LOOP_ANALYSIS = YES;
				CLANG_WARN_STRICT_PROTOTYPES = YES;
				CLANG_WARN_SUSPICIOUS_MOVE = YES;
				CLANG_WARN_UNGUARDED_AVAILABILITY = YES_AGGRESSIVE;
				CLANG_WARN_UNREACHABLE_CODE = YES;
				CLANG_WARN__DUPLICATE_METHOD_MATCH = YES;
				COPY_PHASE_STRIP = NO;
				DEBUG_INFORMATION_FORMAT = dwarf;
				ENABLE_STRICT_OBJC_MSGSEND = YES;
				ENABLE_TESTABILITY = YES;
				GCC_C_LANGUAGE_STANDARD = gnu11;
				GCC_DYNAMIC_NO_PIC = NO;
				GCC_NO_COMMON_BLOCKS = YES;
				GCC_OPTIMIZATION_LEVEL = 0;
				GCC_PREPROCESSOR_DEFINITIONS = (
					"DEBUG=1",
					"$(inherited)",
				);
				GCC_WARN_64_TO_32_BIT_CONVERSION = YES;
				GCC_WARN_ABOUT_RETURN_TYPE = YES_ERROR;
				GCC_WARN_UNDECLARED_SELECTOR = YES;
				GCC_WARN_UNINITIALIZED_AUTOS = YES_AGGRESSIVE;
				GCC_WARN_UNUSED_FUNCTION = YES;
				GCC_WARN_UNUSED_VARIABLE = YES;
				IPHONEOS_DEPLOYMENT_TARGET = 15.0;
				MTL_ENABLE_DEBUG_INFO = INCLUDE_SOURCE;
				MTL_FAST_MATH = YES;
				ONLY_ACTIVE_ARCH = YES;
				SDKROOT = iphoneos;
				SWIFT_ACTIVE_COMPILATION_CONDITIONS = DEBUG;
				SWIFT_OPTIMIZATION_LEVEL = "-Onone";
			};
			name = Debug;
		};
		52C803912A0B951A00417B08 /* Release */ = {
			isa = XCBuildConfiguration;
			buildSettings = {
				ALWAYS_SEARCH_USER_PATHS = NO;
				CLANG_ANALYZER_NONNULL = YES;
				CLANG_ANALYZER_NUMBER_OBJECT_CONVERSION = YES_AGGRESSIVE;
				CLANG_CXX_LANGUAGE_STANDARD = "gnu++20";
				CLANG_ENABLE_MODULES = YES;
				CLANG_ENABLE_OBJC_ARC = YES;
				CLANG_ENABLE_OBJC_WEAK = YES;
				CLANG_WARN_BLOCK_CAPTURE_AUTORELEASING = YES;
				CLANG_WARN_BOOL_CONVERSION = YES;
				CLANG_WARN_COMMA = YES;
				CLANG_WARN_CONSTANT_CONVERSION = YES;
				CLANG_WARN_DEPRECATED_OBJC_IMPLEMENTATIONS = YES;
				CLANG_WARN_DIRECT_OBJC_ISA_USAGE = YES_ERROR;
				CLANG_WARN_DOCUMENTATION_COMMENTS = YES;
				CLANG_WARN_EMPTY_BODY = YES;
				CLANG_WARN_ENUM_CONVERSION = YES;
				CLANG_WARN_INFINITE_RECURSION = YES;
				CLANG_WARN_INT_CONVERSION = YES;
				CLANG_WARN_NON_LITERAL_NULL_CONVERSION = YES;
				CLANG_WARN_OBJC_IMPLICIT_RETAIN_SELF = YES;
				CLANG_WARN_OBJC_LITERAL_CONVERSION = YES;
				CLANG_WARN_OBJC_ROOT_CLASS = YES_ERROR;
				CLANG_WARN_QUOTED_INCLUDE_IN_FRAMEWORK_HEADER = YES;
				CLANG_WARN_RANGE_LOOP_ANALYSIS = YES;
				CLANG_WARN_STRICT_PROTOTYPES = YES;
				CLANG_WARN_SUSPICIOUS_MOVE = YES;
				CLANG_WARN_UNGUARDED_AVAILABILITY = YES_AGGRESSIVE;
				CLANG_WARN_UNREACHABLE_CODE = YES;
				CLANG_WARN__DUPLICATE_METHOD_MATCH = YES;
				COPY_PHASE_STRIP = NO;
				DEBUG_INFORMATION_FORMAT = "dwarf-with-dsym";
				ENABLE_NS_ASSERTIONS = NO;
				ENABLE_STRICT_OBJC_MSGSEND = YES;
				GCC_C_LANGUAGE_STANDARD = gnu11;
				GCC_NO_COMMON_BLOCKS = YES;
				GCC_WARN_64_TO_32_BIT_CONVERSION = YES;
				GCC_WARN_ABOUT_RETURN_TYPE = YES_ERROR;
				GCC_WARN_UNDECLARED_SELECTOR = YES;
				GCC_WARN_UNINITIALIZED_AUTOS = YES_AGGRESSIVE;
				GCC_WARN_UNUSED_FUNCTION = YES;
				GCC_WARN_UNUSED_VARIABLE = YES;
				IPHONEOS_DEPLOYMENT_TARGET = 15.0;
				MTL_ENABLE_DEBUG_INFO = NO;
				MTL_FAST_MATH = YES;
				SDKROOT = iphoneos;
				SWIFT_COMPILATION_MODE = wholemodule;
				SWIFT_OPTIMIZATION_LEVEL = "-O";
				VALIDATE_PRODUCT = YES;
			};
			name = Release;
		};
		52C803932A0B951A00417B08 /* Debug */ = {
			isa = XCBuildConfiguration;
			buildSettings = {
				ASSETCATALOG_COMPILER_APPICON_NAME = AppIcon;
				ASSETCATALOG_COMPILER_GLOBAL_ACCENT_COLOR_NAME = AccentColor;
				CODE_SIGN_STYLE = Automatic;
				CURRENT_PROJECT_VERSION = 1;
				DEVELOPMENT_ASSET_PATHS = "\"GymPTI-V2/Preview Content\"";
				DEVELOPMENT_TEAM = H4CNC953L3;
				ENABLE_PREVIEWS = YES;
				GENERATE_INFOPLIST_FILE = YES;
				INFOPLIST_FILE = "GymPTI-V2/Info.plist";
				INFOPLIST_KEY_CFBundleDisplayName = GymPTI;
				INFOPLIST_KEY_UIApplicationSceneManifest_Generation = YES;
				INFOPLIST_KEY_UIApplicationSupportsIndirectInputEvents = YES;
				INFOPLIST_KEY_UILaunchScreen_Generation = YES;
				INFOPLIST_KEY_UISupportedInterfaceOrientations = UIInterfaceOrientationPortrait;
				INFOPLIST_KEY_UISupportedInterfaceOrientations_iPad = "UIInterfaceOrientationLandscapeLeft UIInterfaceOrientationLandscapeRight UIInterfaceOrientationPortrait UIInterfaceOrientationPortraitUpsideDown";
				IPHONEOS_DEPLOYMENT_TARGET = 15.0;
				LD_RUNPATH_SEARCH_PATHS = (
					"$(inherited)",
					"@executable_path/Frameworks",
				);
				MARKETING_VERSION = 1.0;
				PRODUCT_BUNDLE_IDENTIFIER = kr.dgsw.mingyu.GymPTI;
				PRODUCT_NAME = "$(TARGET_NAME)";
				SUPPORTED_PLATFORMS = "iphoneos iphonesimulator";
				SUPPORTS_MACCATALYST = NO;
				SUPPORTS_MAC_DESIGNED_FOR_IPHONE_IPAD = NO;
				SWIFT_EMIT_LOC_STRINGS = YES;
				SWIFT_VERSION = 5.0;
				TARGETED_DEVICE_FAMILY = 1;
			};
			name = Debug;
		};
		52C803942A0B951A00417B08 /* Release */ = {
			isa = XCBuildConfiguration;
			buildSettings = {
				ASSETCATALOG_COMPILER_APPICON_NAME = AppIcon;
				ASSETCATALOG_COMPILER_GLOBAL_ACCENT_COLOR_NAME = AccentColor;
				CODE_SIGN_STYLE = Automatic;
				CURRENT_PROJECT_VERSION = 1;
				DEVELOPMENT_ASSET_PATHS = "\"GymPTI-V2/Preview Content\"";
				DEVELOPMENT_TEAM = H4CNC953L3;
				ENABLE_PREVIEWS = YES;
				GENERATE_INFOPLIST_FILE = YES;
				INFOPLIST_FILE = "GymPTI-V2/Info.plist";
				INFOPLIST_KEY_CFBundleDisplayName = GymPTI;
				INFOPLIST_KEY_UIApplicationSceneManifest_Generation = YES;
				INFOPLIST_KEY_UIApplicationSupportsIndirectInputEvents = YES;
				INFOPLIST_KEY_UILaunchScreen_Generation = YES;
				INFOPLIST_KEY_UISupportedInterfaceOrientations = UIInterfaceOrientationPortrait;
				INFOPLIST_KEY_UISupportedInterfaceOrientations_iPad = "UIInterfaceOrientationLandscapeLeft UIInterfaceOrientationLandscapeRight UIInterfaceOrientationPortrait UIInterfaceOrientationPortraitUpsideDown";
				IPHONEOS_DEPLOYMENT_TARGET = 15.0;
				LD_RUNPATH_SEARCH_PATHS = (
					"$(inherited)",
					"@executable_path/Frameworks",
				);
				MARKETING_VERSION = 1.0;
				PRODUCT_BUNDLE_IDENTIFIER = kr.dgsw.mingyu.GymPTI;
				PRODUCT_NAME = "$(TARGET_NAME)";
				SUPPORTED_PLATFORMS = "iphoneos iphonesimulator";
				SUPPORTS_MACCATALYST = NO;
				SUPPORTS_MAC_DESIGNED_FOR_IPHONE_IPAD = NO;
				SWIFT_EMIT_LOC_STRINGS = YES;
				SWIFT_VERSION = 5.0;
				TARGETED_DEVICE_FAMILY = 1;
			};
			name = Release;
		};
/* End XCBuildConfiguration section */

/* Begin XCConfigurationList section */
		52C8037F2A0B951900417B08 /* Build configuration list for PBXProject "GymPTI-V2" */ = {
			isa = XCConfigurationList;
			buildConfigurations = (
				52C803902A0B951A00417B08 /* Debug */,
				52C803912A0B951A00417B08 /* Release */,
			);
			defaultConfigurationIsVisible = 0;
			defaultConfigurationName = Release;
		};
		52C803922A0B951A00417B08 /* Build configuration list for PBXNativeTarget "GymPTI-V2" */ = {
			isa = XCConfigurationList;
			buildConfigurations = (
				52C803932A0B951A00417B08 /* Debug */,
				52C803942A0B951A00417B08 /* Release */,
			);
			defaultConfigurationIsVisible = 0;
			defaultConfigurationName = Release;
		};
/* End XCConfigurationList section */

/* Begin XCRemoteSwiftPackageReference section */
		52C803962A0B963600417B08 /* XCRemoteSwiftPackageReference "swift-composable-architecture" */ = {
			isa = XCRemoteSwiftPackageReference;
			repositoryURL = "https://github.com/pointfreeco/swift-composable-architecture/";
			requirement = {
				kind = upToNextMajorVersion;
				minimumVersion = 0.52.0;
			};
		};
		52C803992A0B964400417B08 /* XCRemoteSwiftPackageReference "LinkNavigator" */ = {
			isa = XCRemoteSwiftPackageReference;
			repositoryURL = "https://github.com/interactord/LinkNavigator";
			requirement = {
				kind = upToNextMajorVersion;
				minimumVersion = 0.7.1;
			};
		};
		52C8039C2A0B965000417B08 /* XCRemoteSwiftPackageReference "Alamofire" */ = {
			isa = XCRemoteSwiftPackageReference;
			repositoryURL = "https://github.com/Alamofire/Alamofire";
			requirement = {
				kind = upToNextMajorVersion;
				minimumVersion = 5.0.0;
			};
		};
/* End XCRemoteSwiftPackageReference section */

/* Begin XCSwiftPackageProductDependency section */
		52C803972A0B963600417B08 /* ComposableArchitecture */ = {
			isa = XCSwiftPackageProductDependency;
			package = 52C803962A0B963600417B08 /* XCRemoteSwiftPackageReference "swift-composable-architecture" */;
			productName = ComposableArchitecture;
		};
		52C8039A2A0B964400417B08 /* LinkNavigator */ = {
			isa = XCSwiftPackageProductDependency;
			package = 52C803992A0B964400417B08 /* XCRemoteSwiftPackageReference "LinkNavigator" */;
			productName = LinkNavigator;
		};
		52C8039D2A0B965000417B08 /* Alamofire */ = {
			isa = XCSwiftPackageProductDependency;
			package = 52C8039C2A0B965000417B08 /* XCRemoteSwiftPackageReference "Alamofire" */;
			productName = Alamofire;
		};
/* End XCSwiftPackageProductDependency section */
	};
	rootObject = 52C8037C2A0B951900417B08 /* Project object */;
}
